// !$*UTF8*$!
{
	archiveVersion = 1;
	classes = {
	};
	objectVersion = 56;
	objects = {

/* Begin PBXBuildFile section */
		8945B8592BCD4F2600E51EBD /* ShutterflyTaskApp.swift in Sources */ = {isa = PBXBuildFile; fileRef = 8945B8582BCD4F2600E51EBD /* ShutterflyTaskApp.swift */; };
		8945B85D2BCD4F2800E51EBD /* Assets.xcassets in Resources */ = {isa = PBXBuildFile; fileRef = 8945B85C2BCD4F2800E51EBD /* Assets.xcassets */; };
		8945B8682BCD4F4900E51EBD /* ComposableArchitecture in Frameworks */ = {isa = PBXBuildFile; productRef = 8945B8672BCD4F4900E51EBD /* ComposableArchitecture */; };
		8945B87C2BCD606600E51EBD /* Strings+Generated.swift in Sources */ = {isa = PBXBuildFile; fileRef = 8945B87B2BCD606600E51EBD /* Strings+Generated.swift */; };
		8945B8822BCD658900E51EBD /* Localizable.strings in Resources */ = {isa = PBXBuildFile; fileRef = 8945B8812BCD658900E51EBD /* Localizable.strings */; };
		8945B88C2BCD672100E51EBD /* TVShow.swift in Sources */ = {isa = PBXBuildFile; fileRef = 8945B88B2BCD672100E51EBD /* TVShow.swift */; };
		8945B88E2BCD672B00E51EBD /* EntertainmentDetails.swift in Sources */ = {isa = PBXBuildFile; fileRef = 8945B88D2BCD672B00E51EBD /* EntertainmentDetails.swift */; };
		8945B8902BCD672F00E51EBD /* Review.swift in Sources */ = {isa = PBXBuildFile; fileRef = 8945B88F2BCD672F00E51EBD /* Review.swift */; };
		8945B8922BCD673500E51EBD /* CastMember.swift in Sources */ = {isa = PBXBuildFile; fileRef = 8945B8912BCD673500E51EBD /* CastMember.swift */; };
		8945B8962BCD675400E51EBD /* Entertainment.swift in Sources */ = {isa = PBXBuildFile; fileRef = 8945B8952BCD675400E51EBD /* Entertainment.swift */; };
		8945B8992BCD677300E51EBD /* EntertainmentContent.swift in Sources */ = {isa = PBXBuildFile; fileRef = 8945B8982BCD677300E51EBD /* EntertainmentContent.swift */; };
		8945B89B2BCD6A5200E51EBD /* Movie.swift in Sources */ = {isa = PBXBuildFile; fileRef = 8945B89A2BCD6A5200E51EBD /* Movie.swift */; };
		8945B8A62BCD6B9600E51EBD /* MovieReviewsResponseDTO.swift in Sources */ = {isa = PBXBuildFile; fileRef = 8945B8A02BCD6B9600E51EBD /* MovieReviewsResponseDTO.swift */; };
		8945B8A72BCD6B9600E51EBD /* ItemCastResponseDTO.swift in Sources */ = {isa = PBXBuildFile; fileRef = 8945B8A12BCD6B9600E51EBD /* ItemCastResponseDTO.swift */; };
		8945B8A82BCD6B9600E51EBD /* TVShowResponseDTO.swift in Sources */ = {isa = PBXBuildFile; fileRef = 8945B8A22BCD6B9600E51EBD /* TVShowResponseDTO.swift */; };
		8945B8A92BCD6B9600E51EBD /* MovieResponseDTO.swift in Sources */ = {isa = PBXBuildFile; fileRef = 8945B8A32BCD6B9600E51EBD /* MovieResponseDTO.swift */; };
		8945B8AA2BCD6B9600E51EBD /* MovieDetailsDTO.swift in Sources */ = {isa = PBXBuildFile; fileRef = 8945B8A42BCD6B9600E51EBD /* MovieDetailsDTO.swift */; };
		8945B8AB2BCD6B9600E51EBD /* MoviesSearchResponseDTO.swift in Sources */ = {isa = PBXBuildFile; fileRef = 8945B8A52BCD6B9600E51EBD /* MoviesSearchResponseDTO.swift */; };
		8945B8B02BCD6C3A00E51EBD /* Endpoint.swift in Sources */ = {isa = PBXBuildFile; fileRef = 8945B8AF2BCD6C3A00E51EBD /* Endpoint.swift */; };
		8945B8B32BCD6C4300E51EBD /* HTTPMethod.swift in Sources */ = {isa = PBXBuildFile; fileRef = 8945B8B22BCD6C4200E51EBD /* HTTPMethod.swift */; };
		8945B8BC2BCD6D2B00E51EBD /* NowPlayingMoviesEndpoint.swift in Sources */ = {isa = PBXBuildFile; fileRef = 8945B8B72BCD6D2B00E51EBD /* NowPlayingMoviesEndpoint.swift */; };
		8945B8BD2BCD6D2B00E51EBD /* TopRatedMoviesEndpoint.swift in Sources */ = {isa = PBXBuildFile; fileRef = 8945B8B82BCD6D2B00E51EBD /* TopRatedMoviesEndpoint.swift */; };
		8945B8BE2BCD6D2B00E51EBD /* TrendingMoviesEndpoint.swift in Sources */ = {isa = PBXBuildFile; fileRef = 8945B8B92BCD6D2B00E51EBD /* TrendingMoviesEndpoint.swift */; };
		8945B8BF2BCD6D2B00E51EBD /* SearchMoviesEndpoint.swift in Sources */ = {isa = PBXBuildFile; fileRef = 8945B8BA2BCD6D2B00E51EBD /* SearchMoviesEndpoint.swift */; };
		8945B8C02BCD6D2B00E51EBD /* PopularMoviesEndpoint.swift in Sources */ = {isa = PBXBuildFile; fileRef = 8945B8BB2BCD6D2B00E51EBD /* PopularMoviesEndpoint.swift */; };
		8945B8C52BCD6D3A00E51EBD /* TopRatedTVShowsEndpoint.swift in Sources */ = {isa = PBXBuildFile; fileRef = 8945B8C12BCD6D3900E51EBD /* TopRatedTVShowsEndpoint.swift */; };
		8945B8C62BCD6D3A00E51EBD /* TrendingTVShowsEndpoint.swift in Sources */ = {isa = PBXBuildFile; fileRef = 8945B8C22BCD6D3A00E51EBD /* TrendingTVShowsEndpoint.swift */; };
		8945B8C72BCD6D3A00E51EBD /* PopularTVShowsEndpoint.swift in Sources */ = {isa = PBXBuildFile; fileRef = 8945B8C32BCD6D3A00E51EBD /* PopularTVShowsEndpoint.swift */; };
		8945B8C82BCD6D3A00E51EBD /* NowPlayingTVShowsEndpoint.swift in Sources */ = {isa = PBXBuildFile; fileRef = 8945B8C42BCD6D3A00E51EBD /* NowPlayingTVShowsEndpoint.swift */; };
		8945B8CC2BCD6D5200E51EBD /* ItemDetailsEndpoint.swift in Sources */ = {isa = PBXBuildFile; fileRef = 8945B8C92BCD6D5200E51EBD /* ItemDetailsEndpoint.swift */; };
		8945B8CD2BCD6D5200E51EBD /* CastMembersEndpoint.swift in Sources */ = {isa = PBXBuildFile; fileRef = 8945B8CA2BCD6D5200E51EBD /* CastMembersEndpoint.swift */; };
		8945B8CE2BCD6D5200E51EBD /* ReviewsEndpoint.swift in Sources */ = {isa = PBXBuildFile; fileRef = 8945B8CB2BCD6D5200E51EBD /* ReviewsEndpoint.swift */; };
		8945B8D42BCD742C00E51EBD /* APIError.swift in Sources */ = {isa = PBXBuildFile; fileRef = 8945B8D12BCD742C00E51EBD /* APIError.swift */; };
		8945B8D52BCD742C00E51EBD /* HTTPStatusCode.swift in Sources */ = {isa = PBXBuildFile; fileRef = 8945B8D22BCD742C00E51EBD /* HTTPStatusCode.swift */; };
		8945B8D62BCD742C00E51EBD /* APIProviderError.swift in Sources */ = {isa = PBXBuildFile; fileRef = 8945B8D32BCD742C00E51EBD /* APIProviderError.swift */; };
		8945B8D92BCD745600E51EBD /* DataDecoder.swift in Sources */ = {isa = PBXBuildFile; fileRef = 8945B8D82BCD745600E51EBD /* DataDecoder.swift */; };
		8945B8DC2BCD750E00E51EBD /* DependencyValues+Extension.swift in Sources */ = {isa = PBXBuildFile; fileRef = 8945B8DB2BCD750E00E51EBD /* DependencyValues+Extension.swift */; };
		8945B8DE2BCD80BF00E51EBD /* DataTaskExecutor.swift in Sources */ = {isa = PBXBuildFile; fileRef = 8945B8DD2BCD80BF00E51EBD /* DataTaskExecutor.swift */; };
		8945B8E02BCD821700E51EBD /* URLRequestBuilder.swift in Sources */ = {isa = PBXBuildFile; fileRef = 8945B8DF2BCD821700E51EBD /* URLRequestBuilder.swift */; };
		8945B8E22BCD825700E51EBD /* NetworkService.swift in Sources */ = {isa = PBXBuildFile; fileRef = 8945B8E12BCD825700E51EBD /* NetworkService.swift */; };
		8945B8E42BCD84EC00E51EBD /* ImageURLBuilder.swift in Sources */ = {isa = PBXBuildFile; fileRef = 8945B8E32BCD84EC00E51EBD /* ImageURLBuilder.swift */; };
		8945B8EA2BCD86AC00E51EBD /* EntertainmentDetailsAPI.swift in Sources */ = {isa = PBXBuildFile; fileRef = 8945B8E72BCD86AC00E51EBD /* EntertainmentDetailsAPI.swift */; };
		8945B8EB2BCD86AC00E51EBD /* TVShowsAPI.swift in Sources */ = {isa = PBXBuildFile; fileRef = 8945B8E82BCD86AC00E51EBD /* TVShowsAPI.swift */; };
		8945B8EC2BCD86AC00E51EBD /* MoviesAPI.swift in Sources */ = {isa = PBXBuildFile; fileRef = 8945B8E92BCD86AC00E51EBD /* MoviesAPI.swift */; };
		8945B8EE2BCD98D600E51EBD /* Array+Extension.swift in Sources */ = {isa = PBXBuildFile; fileRef = 8945B8ED2BCD98D600E51EBD /* Array+Extension.swift */; };
		8945B8F12BCD992100E51EBD /* HomeRepository.swift in Sources */ = {isa = PBXBuildFile; fileRef = 8945B8F02BCD992100E51EBD /* HomeRepository.swift */; };
		8945B8F52BCD992C00E51EBD /* MoviesRepository.swift in Sources */ = {isa = PBXBuildFile; fileRef = 8945B8F22BCD992C00E51EBD /* MoviesRepository.swift */; };
		8945B8F62BCD992C00E51EBD /* EntertainmentDetailsRepository.swift in Sources */ = {isa = PBXBuildFile; fileRef = 8945B8F32BCD992C00E51EBD /* EntertainmentDetailsRepository.swift */; };
		8945B8F72BCD992C00E51EBD /* TVShowsRepository.swift in Sources */ = {isa = PBXBuildFile; fileRef = 8945B8F42BCD992C00E51EBD /* TVShowsRepository.swift */; };
		8945B8FA2BCD99E900E51EBD /* TabsView.swift in Sources */ = {isa = PBXBuildFile; fileRef = 8945B8F92BCD99E900E51EBD /* TabsView.swift */; };
		8945B8FC2BCD9A0100E51EBD /* TabsCore.swift in Sources */ = {isa = PBXBuildFile; fileRef = 8945B8FB2BCD9A0100E51EBD /* TabsCore.swift */; };
		8945B9022BCD9ACF00E51EBD /* SFTypealias.swift in Sources */ = {isa = PBXBuildFile; fileRef = 8945B9012BCD9ACF00E51EBD /* SFTypealias.swift */; };
		8945B9052BCD9B5E00E51EBD /* MoviesCore.swift in Sources */ = {isa = PBXBuildFile; fileRef = 8945B9042BCD9B5E00E51EBD /* MoviesCore.swift */; };
		8945B9072BCD9B9600E51EBD /* MoviesView.swift in Sources */ = {isa = PBXBuildFile; fileRef = 8945B9062BCD9B9600E51EBD /* MoviesView.swift */; };
		8945B9092BCD9BA600E51EBD /* TVShowsView.swift in Sources */ = {isa = PBXBuildFile; fileRef = 8945B9082BCD9BA600E51EBD /* TVShowsView.swift */; };
		8945B90B2BCD9BAD00E51EBD /* TVShowsCore.swift in Sources */ = {isa = PBXBuildFile; fileRef = 8945B90A2BCD9BAD00E51EBD /* TVShowsCore.swift */; };
		8945B9102BCD9BCF00E51EBD /* HomeCore.swift in Sources */ = {isa = PBXBuildFile; fileRef = 8945B90D2BCD9BCF00E51EBD /* HomeCore.swift */; };
		8945B9112BCD9BCF00E51EBD /* HomeView.swift in Sources */ = {isa = PBXBuildFile; fileRef = 8945B90E2BCD9BCF00E51EBD /* HomeView.swift */; };
		8945B9132BCD9BE600E51EBD /* FavoriteView.swift in Sources */ = {isa = PBXBuildFile; fileRef = 8945B9122BCD9BE600E51EBD /* FavoriteView.swift */; };
		8945B9152BCD9BEC00E51EBD /* FavoriteCore.swift in Sources */ = {isa = PBXBuildFile; fileRef = 8945B9142BCD9BEC00E51EBD /* FavoriteCore.swift */; };
		8945B9182BCD9C0600E51EBD /* DetailsView.swift in Sources */ = {isa = PBXBuildFile; fileRef = 8945B9172BCD9C0600E51EBD /* DetailsView.swift */; };
		8945B91A2BCD9C0A00E51EBD /* DetailsCore.swift in Sources */ = {isa = PBXBuildFile; fileRef = 8945B9192BCD9C0A00E51EBD /* DetailsCore.swift */; };
		8945B91D2BCD9C4400E51EBD /* EntertainmentDetailsBundle.swift in Sources */ = {isa = PBXBuildFile; fileRef = 8945B91C2BCD9C4400E51EBD /* EntertainmentDetailsBundle.swift */; };
		8945B9202BCE654800E51EBD /* MoviesGridView.swift in Sources */ = {isa = PBXBuildFile; fileRef = 8945B91F2BCE654800E51EBD /* MoviesGridView.swift */; };
		8945B9222BCE656E00E51EBD /* MovieCell.swift in Sources */ = {isa = PBXBuildFile; fileRef = 8945B9212BCE656E00E51EBD /* MovieCell.swift */; };
		8945B9252BCE659900E51EBD /* Kingfisher in Frameworks */ = {isa = PBXBuildFile; productRef = 8945B9242BCE659900E51EBD /* Kingfisher */; };
		8945B9282BCE671C00E51EBD /* MoviesCategoryRow.swift in Sources */ = {isa = PBXBuildFile; fileRef = 8945B9272BCE671C00E51EBD /* MoviesCategoryRow.swift */; };
		8945B92A2BCE851500E51EBD /* TVShowDetailsDTO.swift in Sources */ = {isa = PBXBuildFile; fileRef = 8945B9292BCE851500E51EBD /* TVShowDetailsDTO.swift */; };
/* End PBXBuildFile section */

/* Begin PBXFileReference section */
		8945B8552BCD4F2600E51EBD /* ShutterflyTask.app */ = {isa = PBXFileReference; explicitFileType = wrapper.application; includeInIndex = 0; path = ShutterflyTask.app; sourceTree = BUILT_PRODUCTS_DIR; };
		8945B8582BCD4F2600E51EBD /* ShutterflyTaskApp.swift */ = {isa = PBXFileReference; lastKnownFileType = sourcecode.swift; path = ShutterflyTaskApp.swift; sourceTree = "<group>"; };
		8945B85C2BCD4F2800E51EBD /* Assets.xcassets */ = {isa = PBXFileReference; lastKnownFileType = folder.assetcatalog; path = Assets.xcassets; sourceTree = "<group>"; };
		8945B87B2BCD606600E51EBD /* Strings+Generated.swift */ = {isa = PBXFileReference; fileEncoding = 4; lastKnownFileType = sourcecode.swift; path = "Strings+Generated.swift"; sourceTree = "<group>"; };
		8945B8812BCD658900E51EBD /* Localizable.strings */ = {isa = PBXFileReference; fileEncoding = 4; lastKnownFileType = text.plist.strings; path = Localizable.strings; sourceTree = "<group>"; };
		8945B88B2BCD672100E51EBD /* TVShow.swift */ = {isa = PBXFileReference; lastKnownFileType = sourcecode.swift; path = TVShow.swift; sourceTree = "<group>"; };
		8945B88D2BCD672B00E51EBD /* EntertainmentDetails.swift */ = {isa = PBXFileReference; lastKnownFileType = sourcecode.swift; path = EntertainmentDetails.swift; sourceTree = "<group>"; };
		8945B88F2BCD672F00E51EBD /* Review.swift */ = {isa = PBXFileReference; lastKnownFileType = sourcecode.swift; path = Review.swift; sourceTree = "<group>"; };
		8945B8912BCD673500E51EBD /* CastMember.swift */ = {isa = PBXFileReference; lastKnownFileType = sourcecode.swift; path = CastMember.swift; sourceTree = "<group>"; };
		8945B8952BCD675400E51EBD /* Entertainment.swift */ = {isa = PBXFileReference; lastKnownFileType = sourcecode.swift; path = Entertainment.swift; sourceTree = "<group>"; };
		8945B8982BCD677300E51EBD /* EntertainmentContent.swift */ = {isa = PBXFileReference; lastKnownFileType = sourcecode.swift; path = EntertainmentContent.swift; sourceTree = "<group>"; };
		8945B89A2BCD6A5200E51EBD /* Movie.swift */ = {isa = PBXFileReference; lastKnownFileType = sourcecode.swift; path = Movie.swift; sourceTree = "<group>"; };
		8945B8A02BCD6B9600E51EBD /* MovieReviewsResponseDTO.swift */ = {isa = PBXFileReference; fileEncoding = 4; lastKnownFileType = sourcecode.swift; path = MovieReviewsResponseDTO.swift; sourceTree = "<group>"; };
		8945B8A12BCD6B9600E51EBD /* ItemCastResponseDTO.swift */ = {isa = PBXFileReference; fileEncoding = 4; lastKnownFileType = sourcecode.swift; path = ItemCastResponseDTO.swift; sourceTree = "<group>"; };
		8945B8A22BCD6B9600E51EBD /* TVShowResponseDTO.swift */ = {isa = PBXFileReference; fileEncoding = 4; lastKnownFileType = sourcecode.swift; path = TVShowResponseDTO.swift; sourceTree = "<group>"; };
		8945B8A32BCD6B9600E51EBD /* MovieResponseDTO.swift */ = {isa = PBXFileReference; fileEncoding = 4; lastKnownFileType = sourcecode.swift; path = MovieResponseDTO.swift; sourceTree = "<group>"; };
		8945B8A42BCD6B9600E51EBD /* MovieDetailsDTO.swift */ = {isa = PBXFileReference; fileEncoding = 4; lastKnownFileType = sourcecode.swift; path = MovieDetailsDTO.swift; sourceTree = "<group>"; };
		8945B8A52BCD6B9600E51EBD /* MoviesSearchResponseDTO.swift */ = {isa = PBXFileReference; fileEncoding = 4; lastKnownFileType = sourcecode.swift; path = MoviesSearchResponseDTO.swift; sourceTree = "<group>"; };
		8945B8AF2BCD6C3A00E51EBD /* Endpoint.swift */ = {isa = PBXFileReference; lastKnownFileType = sourcecode.swift; path = Endpoint.swift; sourceTree = "<group>"; };
		8945B8B22BCD6C4200E51EBD /* HTTPMethod.swift */ = {isa = PBXFileReference; lastKnownFileType = sourcecode.swift; path = HTTPMethod.swift; sourceTree = "<group>"; };
		8945B8B72BCD6D2B00E51EBD /* NowPlayingMoviesEndpoint.swift */ = {isa = PBXFileReference; fileEncoding = 4; lastKnownFileType = sourcecode.swift; path = NowPlayingMoviesEndpoint.swift; sourceTree = "<group>"; };
		8945B8B82BCD6D2B00E51EBD /* TopRatedMoviesEndpoint.swift */ = {isa = PBXFileReference; fileEncoding = 4; lastKnownFileType = sourcecode.swift; path = TopRatedMoviesEndpoint.swift; sourceTree = "<group>"; };
		8945B8B92BCD6D2B00E51EBD /* TrendingMoviesEndpoint.swift */ = {isa = PBXFileReference; fileEncoding = 4; lastKnownFileType = sourcecode.swift; path = TrendingMoviesEndpoint.swift; sourceTree = "<group>"; };
		8945B8BA2BCD6D2B00E51EBD /* SearchMoviesEndpoint.swift */ = {isa = PBXFileReference; fileEncoding = 4; lastKnownFileType = sourcecode.swift; path = SearchMoviesEndpoint.swift; sourceTree = "<group>"; };
		8945B8BB2BCD6D2B00E51EBD /* PopularMoviesEndpoint.swift */ = {isa = PBXFileReference; fileEncoding = 4; lastKnownFileType = sourcecode.swift; path = PopularMoviesEndpoint.swift; sourceTree = "<group>"; };
		8945B8C12BCD6D3900E51EBD /* TopRatedTVShowsEndpoint.swift */ = {isa = PBXFileReference; fileEncoding = 4; lastKnownFileType = sourcecode.swift; path = TopRatedTVShowsEndpoint.swift; sourceTree = "<group>"; };
		8945B8C22BCD6D3A00E51EBD /* TrendingTVShowsEndpoint.swift */ = {isa = PBXFileReference; fileEncoding = 4; lastKnownFileType = sourcecode.swift; path = TrendingTVShowsEndpoint.swift; sourceTree = "<group>"; };
		8945B8C32BCD6D3A00E51EBD /* PopularTVShowsEndpoint.swift */ = {isa = PBXFileReference; fileEncoding = 4; lastKnownFileType = sourcecode.swift; path = PopularTVShowsEndpoint.swift; sourceTree = "<group>"; };
		8945B8C42BCD6D3A00E51EBD /* NowPlayingTVShowsEndpoint.swift */ = {isa = PBXFileReference; fileEncoding = 4; lastKnownFileType = sourcecode.swift; path = NowPlayingTVShowsEndpoint.swift; sourceTree = "<group>"; };
		8945B8C92BCD6D5200E51EBD /* ItemDetailsEndpoint.swift */ = {isa = PBXFileReference; fileEncoding = 4; lastKnownFileType = sourcecode.swift; path = ItemDetailsEndpoint.swift; sourceTree = "<group>"; };
		8945B8CA2BCD6D5200E51EBD /* CastMembersEndpoint.swift */ = {isa = PBXFileReference; fileEncoding = 4; lastKnownFileType = sourcecode.swift; path = CastMembersEndpoint.swift; sourceTree = "<group>"; };
		8945B8CB2BCD6D5200E51EBD /* ReviewsEndpoint.swift */ = {isa = PBXFileReference; fileEncoding = 4; lastKnownFileType = sourcecode.swift; path = ReviewsEndpoint.swift; sourceTree = "<group>"; };
		8945B8D12BCD742C00E51EBD /* APIError.swift */ = {isa = PBXFileReference; fileEncoding = 4; lastKnownFileType = sourcecode.swift; path = APIError.swift; sourceTree = "<group>"; };
		8945B8D22BCD742C00E51EBD /* HTTPStatusCode.swift */ = {isa = PBXFileReference; fileEncoding = 4; lastKnownFileType = sourcecode.swift; path = HTTPStatusCode.swift; sourceTree = "<group>"; };
		8945B8D32BCD742C00E51EBD /* APIProviderError.swift */ = {isa = PBXFileReference; fileEncoding = 4; lastKnownFileType = sourcecode.swift; path = APIProviderError.swift; sourceTree = "<group>"; };
		8945B8D82BCD745600E51EBD /* DataDecoder.swift */ = {isa = PBXFileReference; lastKnownFileType = sourcecode.swift; path = DataDecoder.swift; sourceTree = "<group>"; };
		8945B8DB2BCD750E00E51EBD /* DependencyValues+Extension.swift */ = {isa = PBXFileReference; lastKnownFileType = sourcecode.swift; path = "DependencyValues+Extension.swift"; sourceTree = "<group>"; };
		8945B8DD2BCD80BF00E51EBD /* DataTaskExecutor.swift */ = {isa = PBXFileReference; lastKnownFileType = sourcecode.swift; path = DataTaskExecutor.swift; sourceTree = "<group>"; };
		8945B8DF2BCD821700E51EBD /* URLRequestBuilder.swift */ = {isa = PBXFileReference; lastKnownFileType = sourcecode.swift; path = URLRequestBuilder.swift; sourceTree = "<group>"; };
		8945B8E12BCD825700E51EBD /* NetworkService.swift */ = {isa = PBXFileReference; lastKnownFileType = sourcecode.swift; path = NetworkService.swift; sourceTree = "<group>"; };
		8945B8E32BCD84EC00E51EBD /* ImageURLBuilder.swift */ = {isa = PBXFileReference; lastKnownFileType = sourcecode.swift; path = ImageURLBuilder.swift; sourceTree = "<group>"; };
		8945B8E72BCD86AC00E51EBD /* EntertainmentDetailsAPI.swift */ = {isa = PBXFileReference; fileEncoding = 4; lastKnownFileType = sourcecode.swift; path = EntertainmentDetailsAPI.swift; sourceTree = "<group>"; };
		8945B8E82BCD86AC00E51EBD /* TVShowsAPI.swift */ = {isa = PBXFileReference; fileEncoding = 4; lastKnownFileType = sourcecode.swift; path = TVShowsAPI.swift; sourceTree = "<group>"; };
		8945B8E92BCD86AC00E51EBD /* MoviesAPI.swift */ = {isa = PBXFileReference; fileEncoding = 4; lastKnownFileType = sourcecode.swift; path = MoviesAPI.swift; sourceTree = "<group>"; };
		8945B8ED2BCD98D600E51EBD /* Array+Extension.swift */ = {isa = PBXFileReference; lastKnownFileType = sourcecode.swift; path = "Array+Extension.swift"; sourceTree = "<group>"; };
		8945B8F02BCD992100E51EBD /* HomeRepository.swift */ = {isa = PBXFileReference; fileEncoding = 4; lastKnownFileType = sourcecode.swift; path = HomeRepository.swift; sourceTree = "<group>"; };
		8945B8F22BCD992C00E51EBD /* MoviesRepository.swift */ = {isa = PBXFileReference; fileEncoding = 4; lastKnownFileType = sourcecode.swift; path = MoviesRepository.swift; sourceTree = "<group>"; };
		8945B8F32BCD992C00E51EBD /* EntertainmentDetailsRepository.swift */ = {isa = PBXFileReference; fileEncoding = 4; lastKnownFileType = sourcecode.swift; path = EntertainmentDetailsRepository.swift; sourceTree = "<group>"; };
		8945B8F42BCD992C00E51EBD /* TVShowsRepository.swift */ = {isa = PBXFileReference; fileEncoding = 4; lastKnownFileType = sourcecode.swift; path = TVShowsRepository.swift; sourceTree = "<group>"; };
		8945B8F92BCD99E900E51EBD /* TabsView.swift */ = {isa = PBXFileReference; lastKnownFileType = sourcecode.swift; path = TabsView.swift; sourceTree = "<group>"; };
		8945B8FB2BCD9A0100E51EBD /* TabsCore.swift */ = {isa = PBXFileReference; lastKnownFileType = sourcecode.swift; path = TabsCore.swift; sourceTree = "<group>"; };
		8945B9012BCD9ACF00E51EBD /* SFTypealias.swift */ = {isa = PBXFileReference; lastKnownFileType = sourcecode.swift; path = SFTypealias.swift; sourceTree = "<group>"; };
		8945B9042BCD9B5E00E51EBD /* MoviesCore.swift */ = {isa = PBXFileReference; lastKnownFileType = sourcecode.swift; path = MoviesCore.swift; sourceTree = "<group>"; };
		8945B9062BCD9B9600E51EBD /* MoviesView.swift */ = {isa = PBXFileReference; lastKnownFileType = sourcecode.swift; path = MoviesView.swift; sourceTree = "<group>"; };
		8945B9082BCD9BA600E51EBD /* TVShowsView.swift */ = {isa = PBXFileReference; lastKnownFileType = sourcecode.swift; path = TVShowsView.swift; sourceTree = "<group>"; };
		8945B90A2BCD9BAD00E51EBD /* TVShowsCore.swift */ = {isa = PBXFileReference; lastKnownFileType = sourcecode.swift; path = TVShowsCore.swift; sourceTree = "<group>"; };
		8945B90D2BCD9BCF00E51EBD /* HomeCore.swift */ = {isa = PBXFileReference; fileEncoding = 4; lastKnownFileType = sourcecode.swift; path = HomeCore.swift; sourceTree = "<group>"; };
		8945B90E2BCD9BCF00E51EBD /* HomeView.swift */ = {isa = PBXFileReference; fileEncoding = 4; lastKnownFileType = sourcecode.swift; path = HomeView.swift; sourceTree = "<group>"; };
		8945B9122BCD9BE600E51EBD /* FavoriteView.swift */ = {isa = PBXFileReference; lastKnownFileType = sourcecode.swift; path = FavoriteView.swift; sourceTree = "<group>"; };
		8945B9142BCD9BEC00E51EBD /* FavoriteCore.swift */ = {isa = PBXFileReference; lastKnownFileType = sourcecode.swift; path = FavoriteCore.swift; sourceTree = "<group>"; };
		8945B9172BCD9C0600E51EBD /* DetailsView.swift */ = {isa = PBXFileReference; lastKnownFileType = sourcecode.swift; path = DetailsView.swift; sourceTree = "<group>"; };
		8945B9192BCD9C0A00E51EBD /* DetailsCore.swift */ = {isa = PBXFileReference; lastKnownFileType = sourcecode.swift; path = DetailsCore.swift; sourceTree = "<group>"; };
		8945B91C2BCD9C4400E51EBD /* EntertainmentDetailsBundle.swift */ = {isa = PBXFileReference; lastKnownFileType = sourcecode.swift; path = EntertainmentDetailsBundle.swift; sourceTree = "<group>"; };
		8945B91F2BCE654800E51EBD /* MoviesGridView.swift */ = {isa = PBXFileReference; lastKnownFileType = sourcecode.swift; path = MoviesGridView.swift; sourceTree = "<group>"; };
		8945B9212BCE656E00E51EBD /* MovieCell.swift */ = {isa = PBXFileReference; lastKnownFileType = sourcecode.swift; path = MovieCell.swift; sourceTree = "<group>"; };
		8945B9272BCE671C00E51EBD /* MoviesCategoryRow.swift */ = {isa = PBXFileReference; lastKnownFileType = sourcecode.swift; path = MoviesCategoryRow.swift; sourceTree = "<group>"; };
		8945B9292BCE851500E51EBD /* TVShowDetailsDTO.swift */ = {isa = PBXFileReference; lastKnownFileType = sourcecode.swift; path = TVShowDetailsDTO.swift; sourceTree = "<group>"; };
/* End PBXFileReference section */

/* Begin PBXFrameworksBuildPhase section */
		8945B8522BCD4F2600E51EBD /* Frameworks */ = {
			isa = PBXFrameworksBuildPhase;
			buildActionMask = 2147483647;
			files = (
				8945B9252BCE659900E51EBD /* Kingfisher in Frameworks */,
				8945B8682BCD4F4900E51EBD /* ComposableArchitecture in Frameworks */,
			);
			runOnlyForDeploymentPostprocessing = 0;
		};
/* End PBXFrameworksBuildPhase section */

/* Begin PBXGroup section */
		8945B84C2BCD4F2600E51EBD = {
			isa = PBXGroup;
			children = (
				8945B8572BCD4F2600E51EBD /* ShutterflyTask */,
				8945B8562BCD4F2600E51EBD /* Products */,
			);
			sourceTree = "<group>";
		};
		8945B8562BCD4F2600E51EBD /* Products */ = {
			isa = PBXGroup;
			children = (
				8945B8552BCD4F2600E51EBD /* ShutterflyTask.app */,
			);
			name = Products;
			sourceTree = "<group>";
		};
		8945B8572BCD4F2600E51EBD /* ShutterflyTask */ = {
			isa = PBXGroup;
			children = (
				8945B9002BCD9AC400E51EBD /* Helper */,
				8945B8DA2BCD74FD00E51EBD /* Extension */,
				8945B89C2BCD6B4F00E51EBD /* Service */,
				8945B8972BCD676E00E51EBD /* Protocol */,
				8945B8852BCD66E400E51EBD /* Model */,
				8945B8692BCD53BF00E51EBD /* Application */,
				8945B8832BCD669400E51EBD /* UI */,
			);
			path = ShutterflyTask;
			sourceTree = "<group>";
		};
		8945B8692BCD53BF00E51EBD /* Application */ = {
			isa = PBXGroup;
			children = (
				8945B8582BCD4F2600E51EBD /* ShutterflyTaskApp.swift */,
				8945B86A2BCD53CB00E51EBD /* Resource */,
			);
			path = Application;
			sourceTree = "<group>";
		};
		8945B86A2BCD53CB00E51EBD /* Resource */ = {
			isa = PBXGroup;
			children = (
				8945B85C2BCD4F2800E51EBD /* Assets.xcassets */,
				8945B8812BCD658900E51EBD /* Localizable.strings */,
				8945B8742BCD564F00E51EBD /* Generated */,
			);
			path = Resource;
			sourceTree = "<group>";
		};
		8945B8742BCD564F00E51EBD /* Generated */ = {
			isa = PBXGroup;
			children = (
				8945B87B2BCD606600E51EBD /* Strings+Generated.swift */,
			);
			path = Generated;
			sourceTree = "<group>";
		};
		8945B8832BCD669400E51EBD /* UI */ = {
			isa = PBXGroup;
			children = (
				8945B8842BCD669800E51EBD /* User Stories */,
				8945B91E2BCE653A00E51EBD /* Components */,
			);
			path = UI;
			sourceTree = "<group>";
		};
		8945B8842BCD669800E51EBD /* User Stories */ = {
			isa = PBXGroup;
			children = (
				8945B8F82BCD99B300E51EBD /* Tabs */,
				8945B90F2BCD9BCF00E51EBD /* Home */,
				8945B9032BCD9B4500E51EBD /* Movies */,
				8945B90C2BCD9BB000E51EBD /* TVShows */,
				8945B9162BCD9BF900E51EBD /* Favorite */,
				8945B91B2BCD9C0D00E51EBD /* Details */,
			);
			path = "User Stories";
			sourceTree = "<group>";
		};
		8945B8852BCD66E400E51EBD /* Model */ = {
			isa = PBXGroup;
			children = (
				8945B88B2BCD672100E51EBD /* TVShow.swift */,
				8945B89A2BCD6A5200E51EBD /* Movie.swift */,
				8945B91C2BCD9C4400E51EBD /* EntertainmentDetailsBundle.swift */,
				8945B88D2BCD672B00E51EBD /* EntertainmentDetails.swift */,
				8945B88F2BCD672F00E51EBD /* Review.swift */,
				8945B8912BCD673500E51EBD /* CastMember.swift */,
				8945B8952BCD675400E51EBD /* Entertainment.swift */,
			);
			path = Model;
			sourceTree = "<group>";
		};
		8945B8972BCD676E00E51EBD /* Protocol */ = {
			isa = PBXGroup;
			children = (
				8945B8982BCD677300E51EBD /* EntertainmentContent.swift */,
			);
			path = Protocol;
			sourceTree = "<group>";
		};
		8945B89C2BCD6B4F00E51EBD /* Service */ = {
			isa = PBXGroup;
			children = (
				8945B8EF2BCD990600E51EBD /* Repository */,
				8945B89D2BCD6B5E00E51EBD /* Networking */,
				8945B8E52BCD868E00E51EBD /* MediaBuiders */,
			);
			path = Service;
			sourceTree = "<group>";
		};
		8945B89D2BCD6B5E00E51EBD /* Networking */ = {
			isa = PBXGroup;
			children = (
				8945B8E62BCD869B00E51EBD /* API */,
				8945B8D02BCD741D00E51EBD /* Error */,
				8945B8D72BCD744B00E51EBD /* Utilities */,
				8945B8AC2BCD6C1D00E51EBD /* Endpoint */,
				8945B89E2BCD6B6600E51EBD /* Model */,
				8945B8E12BCD825700E51EBD /* NetworkService.swift */,
			);
			path = Networking;
			sourceTree = "<group>";
		};
		8945B89E2BCD6B6600E51EBD /* Model */ = {
			isa = PBXGroup;
			children = (
				8945B89F2BCD6B6E00E51EBD /* Decodable */,
			);
			path = Model;
			sourceTree = "<group>";
		};
		8945B89F2BCD6B6E00E51EBD /* Decodable */ = {
			isa = PBXGroup;
			children = (
				8945B8A12BCD6B9600E51EBD /* ItemCastResponseDTO.swift */,
				8945B8A42BCD6B9600E51EBD /* MovieDetailsDTO.swift */,
				8945B9292BCE851500E51EBD /* TVShowDetailsDTO.swift */,
				8945B8A32BCD6B9600E51EBD /* MovieResponseDTO.swift */,
				8945B8A02BCD6B9600E51EBD /* MovieReviewsResponseDTO.swift */,
				8945B8A52BCD6B9600E51EBD /* MoviesSearchResponseDTO.swift */,
				8945B8A22BCD6B9600E51EBD /* TVShowResponseDTO.swift */,
			);
			path = Decodable;
			sourceTree = "<group>";
		};
		8945B8AC2BCD6C1D00E51EBD /* Endpoint */ = {
			isa = PBXGroup;
			children = (
				8945B8B12BCD6C3D00E51EBD /* Configuration */,
				8945B8B42BCD6CED00E51EBD /* Implementation  */,
			);
			path = Endpoint;
			sourceTree = "<group>";
		};
		8945B8B12BCD6C3D00E51EBD /* Configuration */ = {
			isa = PBXGroup;
			children = (
				8945B8AF2BCD6C3A00E51EBD /* Endpoint.swift */,
				8945B8B22BCD6C4200E51EBD /* HTTPMethod.swift */,
			);
			path = Configuration;
			sourceTree = "<group>";
		};
		8945B8B42BCD6CED00E51EBD /* Implementation  */ = {
			isa = PBXGroup;
			children = (
				8945B8CF2BCD6D6600E51EBD /* ItemDetailsEndpoint */,
				8945B8B62BCD6D1700E51EBD /* TVShowEndpoints */,
				8945B8B52BCD6D0B00E51EBD /* MovieEndpoints */,
			);
			path = "Implementation ";
			sourceTree = "<group>";
		};
		8945B8B52BCD6D0B00E51EBD /* MovieEndpoints */ = {
			isa = PBXGroup;
			children = (
				8945B8B72BCD6D2B00E51EBD /* NowPlayingMoviesEndpoint.swift */,
				8945B8BB2BCD6D2B00E51EBD /* PopularMoviesEndpoint.swift */,
				8945B8BA2BCD6D2B00E51EBD /* SearchMoviesEndpoint.swift */,
				8945B8B82BCD6D2B00E51EBD /* TopRatedMoviesEndpoint.swift */,
				8945B8B92BCD6D2B00E51EBD /* TrendingMoviesEndpoint.swift */,
			);
			path = MovieEndpoints;
			sourceTree = "<group>";
		};
		8945B8B62BCD6D1700E51EBD /* TVShowEndpoints */ = {
			isa = PBXGroup;
			children = (
				8945B8C42BCD6D3A00E51EBD /* NowPlayingTVShowsEndpoint.swift */,
				8945B8C32BCD6D3A00E51EBD /* PopularTVShowsEndpoint.swift */,
				8945B8C12BCD6D3900E51EBD /* TopRatedTVShowsEndpoint.swift */,
				8945B8C22BCD6D3A00E51EBD /* TrendingTVShowsEndpoint.swift */,
			);
			path = TVShowEndpoints;
			sourceTree = "<group>";
		};
		8945B8CF2BCD6D6600E51EBD /* ItemDetailsEndpoint */ = {
			isa = PBXGroup;
			children = (
				8945B8CA2BCD6D5200E51EBD /* CastMembersEndpoint.swift */,
				8945B8C92BCD6D5200E51EBD /* ItemDetailsEndpoint.swift */,
				8945B8CB2BCD6D5200E51EBD /* ReviewsEndpoint.swift */,
			);
			path = ItemDetailsEndpoint;
			sourceTree = "<group>";
		};
		8945B8D02BCD741D00E51EBD /* Error */ = {
			isa = PBXGroup;
			children = (
				8945B8D12BCD742C00E51EBD /* APIError.swift */,
				8945B8D32BCD742C00E51EBD /* APIProviderError.swift */,
				8945B8D22BCD742C00E51EBD /* HTTPStatusCode.swift */,
			);
			path = Error;
			sourceTree = "<group>";
		};
		8945B8D72BCD744B00E51EBD /* Utilities */ = {
			isa = PBXGroup;
			children = (
				8945B8D82BCD745600E51EBD /* DataDecoder.swift */,
				8945B8DD2BCD80BF00E51EBD /* DataTaskExecutor.swift */,
				8945B8DF2BCD821700E51EBD /* URLRequestBuilder.swift */,
			);
			path = Utilities;
			sourceTree = "<group>";
		};
		8945B8DA2BCD74FD00E51EBD /* Extension */ = {
			isa = PBXGroup;
			children = (
				8945B8DB2BCD750E00E51EBD /* DependencyValues+Extension.swift */,
				8945B8ED2BCD98D600E51EBD /* Array+Extension.swift */,
			);
			path = Extension;
			sourceTree = "<group>";
		};
		8945B8E52BCD868E00E51EBD /* MediaBuiders */ = {
			isa = PBXGroup;
			children = (
				8945B8E32BCD84EC00E51EBD /* ImageURLBuilder.swift */,
			);
			path = MediaBuiders;
			sourceTree = "<group>";
		};
		8945B8E62BCD869B00E51EBD /* API */ = {
			isa = PBXGroup;
			children = (
				8945B8E72BCD86AC00E51EBD /* EntertainmentDetailsAPI.swift */,
				8945B8E92BCD86AC00E51EBD /* MoviesAPI.swift */,
				8945B8E82BCD86AC00E51EBD /* TVShowsAPI.swift */,
			);
			path = API;
			sourceTree = "<group>";
		};
		8945B8EF2BCD990600E51EBD /* Repository */ = {
			isa = PBXGroup;
			children = (
				8945B8F02BCD992100E51EBD /* HomeRepository.swift */,
				8945B8F32BCD992C00E51EBD /* EntertainmentDetailsRepository.swift */,
				8945B8F22BCD992C00E51EBD /* MoviesRepository.swift */,
				8945B8F42BCD992C00E51EBD /* TVShowsRepository.swift */,
			);
			path = Repository;
			sourceTree = "<group>";
		};
		8945B8F82BCD99B300E51EBD /* Tabs */ = {
			isa = PBXGroup;
			children = (
				8945B8F92BCD99E900E51EBD /* TabsView.swift */,
				8945B8FB2BCD9A0100E51EBD /* TabsCore.swift */,
			);
			path = Tabs;
			sourceTree = "<group>";
		};
		8945B9002BCD9AC400E51EBD /* Helper */ = {
			isa = PBXGroup;
			children = (
				8945B9012BCD9ACF00E51EBD /* SFTypealias.swift */,
			);
			path = Helper;
			sourceTree = "<group>";
		};
		8945B9032BCD9B4500E51EBD /* Movies */ = {
			isa = PBXGroup;
			children = (
				8945B9042BCD9B5E00E51EBD /* MoviesCore.swift */,
				8945B9062BCD9B9600E51EBD /* MoviesView.swift */,
			);
			path = Movies;
			sourceTree = "<group>";
		};
		8945B90C2BCD9BB000E51EBD /* TVShows */ = {
			isa = PBXGroup;
			children = (
				8945B9082BCD9BA600E51EBD /* TVShowsView.swift */,
				8945B90A2BCD9BAD00E51EBD /* TVShowsCore.swift */,
			);
			path = TVShows;
			sourceTree = "<group>";
		};
		8945B90F2BCD9BCF00E51EBD /* Home */ = {
			isa = PBXGroup;
			children = (
				8945B90D2BCD9BCF00E51EBD /* HomeCore.swift */,
				8945B90E2BCD9BCF00E51EBD /* HomeView.swift */,
				8945B9262BCE670F00E51EBD /* Subview */,
			);
			path = Home;
			sourceTree = "<group>";
		};
		8945B9162BCD9BF900E51EBD /* Favorite */ = {
			isa = PBXGroup;
			children = (
				8945B9122BCD9BE600E51EBD /* FavoriteView.swift */,
				8945B9142BCD9BEC00E51EBD /* FavoriteCore.swift */,
			);
			path = Favorite;
			sourceTree = "<group>";
		};
		8945B91B2BCD9C0D00E51EBD /* Details */ = {
			isa = PBXGroup;
			children = (
				8945B9172BCD9C0600E51EBD /* DetailsView.swift */,
				8945B9192BCD9C0A00E51EBD /* DetailsCore.swift */,
			);
			path = Details;
			sourceTree = "<group>";
		};
		8945B91E2BCE653A00E51EBD /* Components */ = {
			isa = PBXGroup;
			children = (
				8945B91F2BCE654800E51EBD /* MoviesGridView.swift */,
				8945B9212BCE656E00E51EBD /* MovieCell.swift */,
			);
			path = Components;
			sourceTree = "<group>";
		};
		8945B9262BCE670F00E51EBD /* Subview */ = {
			isa = PBXGroup;
			children = (
				8945B9272BCE671C00E51EBD /* MoviesCategoryRow.swift */,
			);
			path = Subview;
			sourceTree = "<group>";
		};
/* End PBXGroup section */

/* Begin PBXNativeTarget section */
		8945B8542BCD4F2600E51EBD /* ShutterflyTask */ = {
			isa = PBXNativeTarget;
			buildConfigurationList = 8945B8632BCD4F2800E51EBD /* Build configuration list for PBXNativeTarget "ShutterflyTask" */;
			buildPhases = (
				8945B8512BCD4F2600E51EBD /* Sources */,
				8945B8522BCD4F2600E51EBD /* Frameworks */,
				8945B8532BCD4F2600E51EBD /* Resources */,
			);
			buildRules = (
			);
			dependencies = (
			);
			name = ShutterflyTask;
			packageProductDependencies = (
				8945B8672BCD4F4900E51EBD /* ComposableArchitecture */,
				8945B9242BCE659900E51EBD /* Kingfisher */,
			);
			productName = ShutterflyTask;
			productReference = 8945B8552BCD4F2600E51EBD /* ShutterflyTask.app */;
			productType = "com.apple.product-type.application";
		};
/* End PBXNativeTarget section */

/* Begin PBXProject section */
		8945B84D2BCD4F2600E51EBD /* Project object */ = {
			isa = PBXProject;
			attributes = {
				BuildIndependentTargetsInParallel = 1;
				LastSwiftUpdateCheck = 1530;
				LastUpgradeCheck = 1530;
				TargetAttributes = {
					8945B8542BCD4F2600E51EBD = {
						CreatedOnToolsVersion = 15.3;
					};
				};
			};
			buildConfigurationList = 8945B8502BCD4F2600E51EBD /* Build configuration list for PBXProject "ShutterflyTask" */;
			compatibilityVersion = "Xcode 14.0";
			developmentRegion = en;
			hasScannedForEncodings = 0;
			knownRegions = (
				en,
				Base,
			);
			mainGroup = 8945B84C2BCD4F2600E51EBD;
			packageReferences = (
				8945B8662BCD4F4900E51EBD /* XCRemoteSwiftPackageReference "swift-composable-architecture" */,
				8945B9232BCE659900E51EBD /* XCRemoteSwiftPackageReference "Kingfisher" */,
			);
			productRefGroup = 8945B8562BCD4F2600E51EBD /* Products */;
			projectDirPath = "";
			projectRoot = "";
			targets = (
				8945B8542BCD4F2600E51EBD /* ShutterflyTask */,
			);
		};
/* End PBXProject section */

/* Begin PBXResourcesBuildPhase section */
		8945B8532BCD4F2600E51EBD /* Resources */ = {
			isa = PBXResourcesBuildPhase;
			buildActionMask = 2147483647;
			files = (
				8945B8822BCD658900E51EBD /* Localizable.strings in Resources */,
				8945B85D2BCD4F2800E51EBD /* Assets.xcassets in Resources */,
			);
			runOnlyForDeploymentPostprocessing = 0;
		};
/* End PBXResourcesBuildPhase section */

/* Begin PBXSourcesBuildPhase section */
		8945B8512BCD4F2600E51EBD /* Sources */ = {
			isa = PBXSourcesBuildPhase;
			buildActionMask = 2147483647;
			files = (
				8945B8D92BCD745600E51EBD /* DataDecoder.swift in Sources */,
				8945B8F72BCD992C00E51EBD /* TVShowsRepository.swift in Sources */,
				8945B8DE2BCD80BF00E51EBD /* DataTaskExecutor.swift in Sources */,
				8945B9182BCD9C0600E51EBD /* DetailsView.swift in Sources */,
				8945B9152BCD9BEC00E51EBD /* FavoriteCore.swift in Sources */,
				8945B9092BCD9BA600E51EBD /* TVShowsView.swift in Sources */,
				8945B8E42BCD84EC00E51EBD /* ImageURLBuilder.swift in Sources */,
				8945B8CE2BCD6D5200E51EBD /* ReviewsEndpoint.swift in Sources */,
				8945B91A2BCD9C0A00E51EBD /* DetailsCore.swift in Sources */,
				8945B8A72BCD6B9600E51EBD /* ItemCastResponseDTO.swift in Sources */,
				8945B9282BCE671C00E51EBD /* MoviesCategoryRow.swift in Sources */,
				8945B8BF2BCD6D2B00E51EBD /* SearchMoviesEndpoint.swift in Sources */,
				8945B8FC2BCD9A0100E51EBD /* TabsCore.swift in Sources */,
				8945B8CC2BCD6D5200E51EBD /* ItemDetailsEndpoint.swift in Sources */,
				8945B8C52BCD6D3A00E51EBD /* TopRatedTVShowsEndpoint.swift in Sources */,
				8945B8A92BCD6B9600E51EBD /* MovieResponseDTO.swift in Sources */,
				8945B8962BCD675400E51EBD /* Entertainment.swift in Sources */,
				8945B9102BCD9BCF00E51EBD /* HomeCore.swift in Sources */,
				8945B8A82BCD6B9600E51EBD /* TVShowResponseDTO.swift in Sources */,
				8945B8E02BCD821700E51EBD /* URLRequestBuilder.swift in Sources */,
				8945B9132BCD9BE600E51EBD /* FavoriteView.swift in Sources */,
				8945B8C02BCD6D2B00E51EBD /* PopularMoviesEndpoint.swift in Sources */,
				8945B9202BCE654800E51EBD /* MoviesGridView.swift in Sources */,
				8945B8D42BCD742C00E51EBD /* APIError.swift in Sources */,
				8945B8592BCD4F2600E51EBD /* ShutterflyTaskApp.swift in Sources */,
				8945B8C62BCD6D3A00E51EBD /* TrendingTVShowsEndpoint.swift in Sources */,
				8945B9052BCD9B5E00E51EBD /* MoviesCore.swift in Sources */,
				8945B8902BCD672F00E51EBD /* Review.swift in Sources */,
				8945B8D52BCD742C00E51EBD /* HTTPStatusCode.swift in Sources */,
				8945B8AB2BCD6B9600E51EBD /* MoviesSearchResponseDTO.swift in Sources */,
				8945B88E2BCD672B00E51EBD /* EntertainmentDetails.swift in Sources */,
				8945B9022BCD9ACF00E51EBD /* SFTypealias.swift in Sources */,
				8945B9072BCD9B9600E51EBD /* MoviesView.swift in Sources */,
				8945B8A62BCD6B9600E51EBD /* MovieReviewsResponseDTO.swift in Sources */,
				8945B8EA2BCD86AC00E51EBD /* EntertainmentDetailsAPI.swift in Sources */,
				8945B88C2BCD672100E51EBD /* TVShow.swift in Sources */,
				8945B91D2BCD9C4400E51EBD /* EntertainmentDetailsBundle.swift in Sources */,
				8945B8EB2BCD86AC00E51EBD /* TVShowsAPI.swift in Sources */,
				8945B8BE2BCD6D2B00E51EBD /* TrendingMoviesEndpoint.swift in Sources */,
				8945B9222BCE656E00E51EBD /* MovieCell.swift in Sources */,
				8945B8922BCD673500E51EBD /* CastMember.swift in Sources */,
				8945B92A2BCE851500E51EBD /* TVShowDetailsDTO.swift in Sources */,
				8945B87C2BCD606600E51EBD /* Strings+Generated.swift in Sources */,
				8945B8AA2BCD6B9600E51EBD /* MovieDetailsDTO.swift in Sources */,
				8945B8FA2BCD99E900E51EBD /* TabsView.swift in Sources */,
				8945B8B32BCD6C4300E51EBD /* HTTPMethod.swift in Sources */,
				8945B89B2BCD6A5200E51EBD /* Movie.swift in Sources */,
				8945B9112BCD9BCF00E51EBD /* HomeView.swift in Sources */,
				8945B8F52BCD992C00E51EBD /* MoviesRepository.swift in Sources */,
				8945B8B02BCD6C3A00E51EBD /* Endpoint.swift in Sources */,
				8945B8F62BCD992C00E51EBD /* EntertainmentDetailsRepository.swift in Sources */,
				8945B8F12BCD992100E51EBD /* HomeRepository.swift in Sources */,
				8945B8CD2BCD6D5200E51EBD /* CastMembersEndpoint.swift in Sources */,
				8945B8BC2BCD6D2B00E51EBD /* NowPlayingMoviesEndpoint.swift in Sources */,
				8945B8BD2BCD6D2B00E51EBD /* TopRatedMoviesEndpoint.swift in Sources */,
				8945B8EC2BCD86AC00E51EBD /* MoviesAPI.swift in Sources */,
				8945B90B2BCD9BAD00E51EBD /* TVShowsCore.swift in Sources */,
				8945B8C82BCD6D3A00E51EBD /* NowPlayingTVShowsEndpoint.swift in Sources */,
				8945B8EE2BCD98D600E51EBD /* Array+Extension.swift in Sources */,
				8945B8DC2BCD750E00E51EBD /* DependencyValues+Extension.swift in Sources */,
				8945B8E22BCD825700E51EBD /* NetworkService.swift in Sources */,
				8945B8992BCD677300E51EBD /* EntertainmentContent.swift in Sources */,
				8945B8C72BCD6D3A00E51EBD /* PopularTVShowsEndpoint.swift in Sources */,
				8945B8D62BCD742C00E51EBD /* APIProviderError.swift in Sources */,
			);
			runOnlyForDeploymentPostprocessing = 0;
		};
/* End PBXSourcesBuildPhase section */

/* Begin XCBuildConfiguration section */
		8945B8612BCD4F2800E51EBD /* Debug */ = {
			isa = XCBuildConfiguration;
			buildSettings = {
				ALWAYS_SEARCH_USER_PATHS = NO;
				ASSETCATALOG_COMPILER_GENERATE_SWIFT_ASSET_SYMBOL_EXTENSIONS = YES;
				CLANG_ANALYZER_NONNULL = YES;
				CLANG_ANALYZER_NUMBER_OBJECT_CONVERSION = YES_AGGRESSIVE;
				CLANG_CXX_LANGUAGE_STANDARD = "gnu++20";
				CLANG_ENABLE_MODULES = YES;
				CLANG_ENABLE_OBJC_ARC = YES;
				CLANG_ENABLE_OBJC_WEAK = YES;
				CLANG_WARN_BLOCK_CAPTURE_AUTORELEASING = YES;
				CLANG_WARN_BOOL_CONVERSION = YES;
				CLANG_WARN_COMMA = YES;
				CLANG_WARN_CONSTANT_CONVERSION = YES;
				CLANG_WARN_DEPRECATED_OBJC_IMPLEMENTATIONS = YES;
				CLANG_WARN_DIRECT_OBJC_ISA_USAGE = YES_ERROR;
				CLANG_WARN_DOCUMENTATION_COMMENTS = YES;
				CLANG_WARN_EMPTY_BODY = YES;
				CLANG_WARN_ENUM_CONVERSION = YES;
				CLANG_WARN_INFINITE_RECURSION = YES;
				CLANG_WARN_INT_CONVERSION = YES;
				CLANG_WARN_NON_LITERAL_NULL_CONVERSION = YES;
				CLANG_WARN_OBJC_IMPLICIT_RETAIN_SELF = YES;
				CLANG_WARN_OBJC_LITERAL_CONVERSION = YES;
				CLANG_WARN_OBJC_ROOT_CLASS = YES_ERROR;
				CLANG_WARN_QUOTED_INCLUDE_IN_FRAMEWORK_HEADER = YES;
				CLANG_WARN_RANGE_LOOP_ANALYSIS = YES;
				CLANG_WARN_STRICT_PROTOTYPES = YES;
				CLANG_WARN_SUSPICIOUS_MOVE = YES;
				CLANG_WARN_UNGUARDED_AVAILABILITY = YES_AGGRESSIVE;
				CLANG_WARN_UNREACHABLE_CODE = YES;
				CLANG_WARN__DUPLICATE_METHOD_MATCH = YES;
				COPY_PHASE_STRIP = NO;
				DEBUG_INFORMATION_FORMAT = dwarf;
				ENABLE_STRICT_OBJC_MSGSEND = YES;
				ENABLE_TESTABILITY = YES;
				ENABLE_USER_SCRIPT_SANDBOXING = YES;
				GCC_C_LANGUAGE_STANDARD = gnu17;
				GCC_DYNAMIC_NO_PIC = NO;
				GCC_NO_COMMON_BLOCKS = YES;
				GCC_OPTIMIZATION_LEVEL = 0;
				GCC_PREPROCESSOR_DEFINITIONS = (
					"DEBUG=1",
					"$(inherited)",
				);
				GCC_WARN_64_TO_32_BIT_CONVERSION = YES;
				GCC_WARN_ABOUT_RETURN_TYPE = YES_ERROR;
				GCC_WARN_UNDECLARED_SELECTOR = YES;
				GCC_WARN_UNINITIALIZED_AUTOS = YES_AGGRESSIVE;
				GCC_WARN_UNUSED_FUNCTION = YES;
				GCC_WARN_UNUSED_VARIABLE = YES;
				IPHONEOS_DEPLOYMENT_TARGET = 17.4;
				LOCALIZATION_PREFERS_STRING_CATALOGS = YES;
				MTL_ENABLE_DEBUG_INFO = INCLUDE_SOURCE;
				MTL_FAST_MATH = YES;
				ONLY_ACTIVE_ARCH = YES;
				SDKROOT = iphoneos;
				SWIFT_ACTIVE_COMPILATION_CONDITIONS = "DEBUG $(inherited)";
				SWIFT_OPTIMIZATION_LEVEL = "-Onone";
			};
			name = Debug;
		};
		8945B8622BCD4F2800E51EBD /* Release */ = {
			isa = XCBuildConfiguration;
			buildSettings = {
				ALWAYS_SEARCH_USER_PATHS = NO;
				ASSETCATALOG_COMPILER_GENERATE_SWIFT_ASSET_SYMBOL_EXTENSIONS = YES;
				CLANG_ANALYZER_NONNULL = YES;
				CLANG_ANALYZER_NUMBER_OBJECT_CONVERSION = YES_AGGRESSIVE;
				CLANG_CXX_LANGUAGE_STANDARD = "gnu++20";
				CLANG_ENABLE_MODULES = YES;
				CLANG_ENABLE_OBJC_ARC = YES;
				CLANG_ENABLE_OBJC_WEAK = YES;
				CLANG_WARN_BLOCK_CAPTURE_AUTORELEASING = YES;
				CLANG_WARN_BOOL_CONVERSION = YES;
				CLANG_WARN_COMMA = YES;
				CLANG_WARN_CONSTANT_CONVERSION = YES;
				CLANG_WARN_DEPRECATED_OBJC_IMPLEMENTATIONS = YES;
				CLANG_WARN_DIRECT_OBJC_ISA_USAGE = YES_ERROR;
				CLANG_WARN_DOCUMENTATION_COMMENTS = YES;
				CLANG_WARN_EMPTY_BODY = YES;
				CLANG_WARN_ENUM_CONVERSION = YES;
				CLANG_WARN_INFINITE_RECURSION = YES;
				CLANG_WARN_INT_CONVERSION = YES;
				CLANG_WARN_NON_LITERAL_NULL_CONVERSION = YES;
				CLANG_WARN_OBJC_IMPLICIT_RETAIN_SELF = YES;
				CLANG_WARN_OBJC_LITERAL_CONVERSION = YES;
				CLANG_WARN_OBJC_ROOT_CLASS = YES_ERROR;
				CLANG_WARN_QUOTED_INCLUDE_IN_FRAMEWORK_HEADER = YES;
				CLANG_WARN_RANGE_LOOP_ANALYSIS = YES;
				CLANG_WARN_STRICT_PROTOTYPES = YES;
				CLANG_WARN_SUSPICIOUS_MOVE = YES;
				CLANG_WARN_UNGUARDED_AVAILABILITY = YES_AGGRESSIVE;
				CLANG_WARN_UNREACHABLE_CODE = YES;
				CLANG_WARN__DUPLICATE_METHOD_MATCH = YES;
				COPY_PHASE_STRIP = NO;
				DEBUG_INFORMATION_FORMAT = "dwarf-with-dsym";
				ENABLE_NS_ASSERTIONS = NO;
				ENABLE_STRICT_OBJC_MSGSEND = YES;
				ENABLE_USER_SCRIPT_SANDBOXING = YES;
				GCC_C_LANGUAGE_STANDARD = gnu17;
				GCC_NO_COMMON_BLOCKS = YES;
				GCC_WARN_64_TO_32_BIT_CONVERSION = YES;
				GCC_WARN_ABOUT_RETURN_TYPE = YES_ERROR;
				GCC_WARN_UNDECLARED_SELECTOR = YES;
				GCC_WARN_UNINITIALIZED_AUTOS = YES_AGGRESSIVE;
				GCC_WARN_UNUSED_FUNCTION = YES;
				GCC_WARN_UNUSED_VARIABLE = YES;
				IPHONEOS_DEPLOYMENT_TARGET = 17.4;
				LOCALIZATION_PREFERS_STRING_CATALOGS = YES;
				MTL_ENABLE_DEBUG_INFO = NO;
				MTL_FAST_MATH = YES;
				SDKROOT = iphoneos;
				SWIFT_COMPILATION_MODE = wholemodule;
				VALIDATE_PRODUCT = YES;
			};
			name = Release;
		};
		8945B8642BCD4F2800E51EBD /* Debug */ = {
			isa = XCBuildConfiguration;
			buildSettings = {
				ASSETCATALOG_COMPILER_APPICON_NAME = AppIcon;
				ASSETCATALOG_COMPILER_GLOBAL_ACCENT_COLOR_NAME = AccentColor;
				CODE_SIGN_STYLE = Automatic;
				CURRENT_PROJECT_VERSION = 1;
				DEVELOPMENT_TEAM = 3G8VQ3U9D3;
				ENABLE_PREVIEWS = YES;
				GENERATE_INFOPLIST_FILE = YES;
				INFOPLIST_KEY_UIApplicationSceneManifest_Generation = YES;
				INFOPLIST_KEY_UIApplicationSupportsIndirectInputEvents = YES;
				INFOPLIST_KEY_UILaunchScreen_Generation = YES;
				INFOPLIST_KEY_UISupportedInterfaceOrientations_iPad = "UIInterfaceOrientationPortrait UIInterfaceOrientationPortraitUpsideDown UIInterfaceOrientationLandscapeLeft UIInterfaceOrientationLandscapeRight";
				INFOPLIST_KEY_UISupportedInterfaceOrientations_iPhone = "UIInterfaceOrientationPortrait UIInterfaceOrientationLandscapeLeft UIInterfaceOrientationLandscapeRight";
				LD_RUNPATH_SEARCH_PATHS = (
					"$(inherited)",
					"@executable_path/Frameworks",
				);
				MARKETING_VERSION = 1.0;
				PRODUCT_BUNDLE_IDENTIFIER = com.teodor.ShutterflyTask;
				PRODUCT_NAME = "$(TARGET_NAME)";
				SWIFT_EMIT_LOC_STRINGS = YES;
				SWIFT_VERSION = 5.0;
				TARGETED_DEVICE_FAMILY = "1,2";
			};
			name = Debug;
		};
		8945B8652BCD4F2800E51EBD /* Release */ = {
			isa = XCBuildConfiguration;
			buildSettings = {
				ASSETCATALOG_COMPILER_APPICON_NAME = AppIcon;
				ASSETCATALOG_COMPILER_GLOBAL_ACCENT_COLOR_NAME = AccentColor;
				CODE_SIGN_STYLE = Automatic;
				CURRENT_PROJECT_VERSION = 1;
				DEVELOPMENT_TEAM = 3G8VQ3U9D3;
				ENABLE_PREVIEWS = YES;
				GENERATE_INFOPLIST_FILE = YES;
				INFOPLIST_KEY_UIApplicationSceneManifest_Generation = YES;
				INFOPLIST_KEY_UIApplicationSupportsIndirectInputEvents = YES;
				INFOPLIST_KEY_UILaunchScreen_Generation = YES;
				INFOPLIST_KEY_UISupportedInterfaceOrientations_iPad = "UIInterfaceOrientationPortrait UIInterfaceOrientationPortraitUpsideDown UIInterfaceOrientationLandscapeLeft UIInterfaceOrientationLandscapeRight";
				INFOPLIST_KEY_UISupportedInterfaceOrientations_iPhone = "UIInterfaceOrientationPortrait UIInterfaceOrientationLandscapeLeft UIInterfaceOrientationLandscapeRight";
				LD_RUNPATH_SEARCH_PATHS = (
					"$(inherited)",
					"@executable_path/Frameworks",
				);
				MARKETING_VERSION = 1.0;
				PRODUCT_BUNDLE_IDENTIFIER = com.teodor.ShutterflyTask;
				PRODUCT_NAME = "$(TARGET_NAME)";
				SWIFT_EMIT_LOC_STRINGS = YES;
				SWIFT_VERSION = 5.0;
				TARGETED_DEVICE_FAMILY = "1,2";
			};
			name = Release;
		};
/* End XCBuildConfiguration section */

/* Begin XCConfigurationList section */
		8945B8502BCD4F2600E51EBD /* Build configuration list for PBXProject "ShutterflyTask" */ = {
			isa = XCConfigurationList;
			buildConfigurations = (
				8945B8612BCD4F2800E51EBD /* Debug */,
				8945B8622BCD4F2800E51EBD /* Release */,
			);
			defaultConfigurationIsVisible = 0;
			defaultConfigurationName = Release;
		};
		8945B8632BCD4F2800E51EBD /* Build configuration list for PBXNativeTarget "ShutterflyTask" */ = {
			isa = XCConfigurationList;
			buildConfigurations = (
				8945B8642BCD4F2800E51EBD /* Debug */,
				8945B8652BCD4F2800E51EBD /* Release */,
			);
			defaultConfigurationIsVisible = 0;
			defaultConfigurationName = Release;
		};
/* End XCConfigurationList section */

/* Begin XCRemoteSwiftPackageReference section */
		8945B8662BCD4F4900E51EBD /* XCRemoteSwiftPackageReference "swift-composable-architecture" */ = {
			isa = XCRemoteSwiftPackageReference;
			repositoryURL = "https://github.com/pointfreeco/swift-composable-architecture";
			requirement = {
				kind = upToNextMajorVersion;
				minimumVersion = 1.9.2;
			};
		};
		8945B9232BCE659900E51EBD /* XCRemoteSwiftPackageReference "Kingfisher" */ = {
			isa = XCRemoteSwiftPackageReference;
			repositoryURL = "https://github.com/onevcat/Kingfisher.git";
			requirement = {
				kind = upToNextMajorVersion;
				minimumVersion = 7.11.0;
			};
		};
/* End XCRemoteSwiftPackageReference section */

/* Begin XCSwiftPackageProductDependency section */
		8945B8672BCD4F4900E51EBD /* ComposableArchitecture */ = {
			isa = XCSwiftPackageProductDependency;
			package = 8945B8662BCD4F4900E51EBD /* XCRemoteSwiftPackageReference "swift-composable-architecture" */;
			productName = ComposableArchitecture;
		};
		8945B9242BCE659900E51EBD /* Kingfisher */ = {
			isa = XCSwiftPackageProductDependency;
			package = 8945B9232BCE659900E51EBD /* XCRemoteSwiftPackageReference "Kingfisher" */;
			productName = Kingfisher;
		};
/* End XCSwiftPackageProductDependency section */
	};
	rootObject = 8945B84D2BCD4F2600E51EBD /* Project object */;
}
