// !$*UTF8*$!
{
	archiveVersion = 1;
	classes = {
	};
	objectVersion = 56;
	objects = {

/* Begin PBXBuildFile section */
		8945B8592BCD4F2600E51EBD /* ShutterflyTaskApp.swift in Sources */ = {isa = PBXBuildFile; fileRef = 8945B8582BCD4F2600E51EBD /* ShutterflyTaskApp.swift */; };
		8945B85B2BCD4F2600E51EBD /* ContentView.swift in Sources */ = {isa = PBXBuildFile; fileRef = 8945B85A2BCD4F2600E51EBD /* ContentView.swift */; };
		8945B85D2BCD4F2800E51EBD /* Assets.xcassets in Resources */ = {isa = PBXBuildFile; fileRef = 8945B85C2BCD4F2800E51EBD /* Assets.xcassets */; };
		8945B8682BCD4F4900E51EBD /* ComposableArchitecture in Frameworks */ = {isa = PBXBuildFile; productRef = 8945B8672BCD4F4900E51EBD /* ComposableArchitecture */; };
		8945B87C2BCD606600E51EBD /* Strings+Generated.swift in Sources */ = {isa = PBXBuildFile; fileRef = 8945B87B2BCD606600E51EBD /* Strings+Generated.swift */; };
		8945B8822BCD658900E51EBD /* Localizable.strings in Resources */ = {isa = PBXBuildFile; fileRef = 8945B8812BCD658900E51EBD /* Localizable.strings */; };
		8945B88C2BCD672100E51EBD /* TVShow.swift in Sources */ = {isa = PBXBuildFile; fileRef = 8945B88B2BCD672100E51EBD /* TVShow.swift */; };
		8945B88E2BCD672B00E51EBD /* EntertainmentDetails.swift in Sources */ = {isa = PBXBuildFile; fileRef = 8945B88D2BCD672B00E51EBD /* EntertainmentDetails.swift */; };
		8945B8902BCD672F00E51EBD /* Review.swift in Sources */ = {isa = PBXBuildFile; fileRef = 8945B88F2BCD672F00E51EBD /* Review.swift */; };
		8945B8922BCD673500E51EBD /* CastMember.swift in Sources */ = {isa = PBXBuildFile; fileRef = 8945B8912BCD673500E51EBD /* CastMember.swift */; };
		8945B8962BCD675400E51EBD /* Entertainment.swift in Sources */ = {isa = PBXBuildFile; fileRef = 8945B8952BCD675400E51EBD /* Entertainment.swift */; };
		8945B8992BCD677300E51EBD /* EntertainmentContent.swift in Sources */ = {isa = PBXBuildFile; fileRef = 8945B8982BCD677300E51EBD /* EntertainmentContent.swift */; };
		8945B89B2BCD6A5200E51EBD /* Movie.swift in Sources */ = {isa = PBXBuildFile; fileRef = 8945B89A2BCD6A5200E51EBD /* Movie.swift */; };
		8945B8A62BCD6B9600E51EBD /* MovieReviewsResponseDTO.swift in Sources */ = {isa = PBXBuildFile; fileRef = 8945B8A02BCD6B9600E51EBD /* MovieReviewsResponseDTO.swift */; };
		8945B8A72BCD6B9600E51EBD /* ItemCastResponseDTO.swift in Sources */ = {isa = PBXBuildFile; fileRef = 8945B8A12BCD6B9600E51EBD /* ItemCastResponseDTO.swift */; };
		8945B8A82BCD6B9600E51EBD /* TVShowResponseDTO.swift in Sources */ = {isa = PBXBuildFile; fileRef = 8945B8A22BCD6B9600E51EBD /* TVShowResponseDTO.swift */; };
		8945B8A92BCD6B9600E51EBD /* MovieResponseDTO.swift in Sources */ = {isa = PBXBuildFile; fileRef = 8945B8A32BCD6B9600E51EBD /* MovieResponseDTO.swift */; };
		8945B8AA2BCD6B9600E51EBD /* ItemDetailsDTO.swift in Sources */ = {isa = PBXBuildFile; fileRef = 8945B8A42BCD6B9600E51EBD /* ItemDetailsDTO.swift */; };
		8945B8AB2BCD6B9600E51EBD /* MoviesSearchResponseDTO.swift in Sources */ = {isa = PBXBuildFile; fileRef = 8945B8A52BCD6B9600E51EBD /* MoviesSearchResponseDTO.swift */; };
		8945B8B02BCD6C3A00E51EBD /* Endpoint.swift in Sources */ = {isa = PBXBuildFile; fileRef = 8945B8AF2BCD6C3A00E51EBD /* Endpoint.swift */; };
		8945B8B32BCD6C4300E51EBD /* HTTPMethod.swift in Sources */ = {isa = PBXBuildFile; fileRef = 8945B8B22BCD6C4200E51EBD /* HTTPMethod.swift */; };
/* End PBXBuildFile section */

/* Begin PBXFileReference section */
		8945B8552BCD4F2600E51EBD /* ShutterflyTask.app */ = {isa = PBXFileReference; explicitFileType = wrapper.application; includeInIndex = 0; path = ShutterflyTask.app; sourceTree = BUILT_PRODUCTS_DIR; };
		8945B8582BCD4F2600E51EBD /* ShutterflyTaskApp.swift */ = {isa = PBXFileReference; lastKnownFileType = sourcecode.swift; path = ShutterflyTaskApp.swift; sourceTree = "<group>"; };
		8945B85A2BCD4F2600E51EBD /* ContentView.swift */ = {isa = PBXFileReference; lastKnownFileType = sourcecode.swift; path = ContentView.swift; sourceTree = "<group>"; };
		8945B85C2BCD4F2800E51EBD /* Assets.xcassets */ = {isa = PBXFileReference; lastKnownFileType = folder.assetcatalog; path = Assets.xcassets; sourceTree = "<group>"; };
		8945B87B2BCD606600E51EBD /* Strings+Generated.swift */ = {isa = PBXFileReference; fileEncoding = 4; lastKnownFileType = sourcecode.swift; path = "Strings+Generated.swift"; sourceTree = "<group>"; };
		8945B8812BCD658900E51EBD /* Localizable.strings */ = {isa = PBXFileReference; fileEncoding = 4; lastKnownFileType = text.plist.strings; path = Localizable.strings; sourceTree = "<group>"; };
		8945B88B2BCD672100E51EBD /* TVShow.swift */ = {isa = PBXFileReference; lastKnownFileType = sourcecode.swift; path = TVShow.swift; sourceTree = "<group>"; };
		8945B88D2BCD672B00E51EBD /* EntertainmentDetails.swift */ = {isa = PBXFileReference; lastKnownFileType = sourcecode.swift; path = EntertainmentDetails.swift; sourceTree = "<group>"; };
		8945B88F2BCD672F00E51EBD /* Review.swift */ = {isa = PBXFileReference; lastKnownFileType = sourcecode.swift; path = Review.swift; sourceTree = "<group>"; };
		8945B8912BCD673500E51EBD /* CastMember.swift */ = {isa = PBXFileReference; lastKnownFileType = sourcecode.swift; path = CastMember.swift; sourceTree = "<group>"; };
		8945B8952BCD675400E51EBD /* Entertainment.swift */ = {isa = PBXFileReference; lastKnownFileType = sourcecode.swift; path = Entertainment.swift; sourceTree = "<group>"; };
		8945B8982BCD677300E51EBD /* EntertainmentContent.swift */ = {isa = PBXFileReference; lastKnownFileType = sourcecode.swift; path = EntertainmentContent.swift; sourceTree = "<group>"; };
		8945B89A2BCD6A5200E51EBD /* Movie.swift */ = {isa = PBXFileReference; lastKnownFileType = sourcecode.swift; path = Movie.swift; sourceTree = "<group>"; };
		8945B8A02BCD6B9600E51EBD /* MovieReviewsResponseDTO.swift */ = {isa = PBXFileReference; fileEncoding = 4; lastKnownFileType = sourcecode.swift; path = MovieReviewsResponseDTO.swift; sourceTree = "<group>"; };
		8945B8A12BCD6B9600E51EBD /* ItemCastResponseDTO.swift */ = {isa = PBXFileReference; fileEncoding = 4; lastKnownFileType = sourcecode.swift; path = ItemCastResponseDTO.swift; sourceTree = "<group>"; };
		8945B8A22BCD6B9600E51EBD /* TVShowResponseDTO.swift */ = {isa = PBXFileReference; fileEncoding = 4; lastKnownFileType = sourcecode.swift; path = TVShowResponseDTO.swift; sourceTree = "<group>"; };
		8945B8A32BCD6B9600E51EBD /* MovieResponseDTO.swift */ = {isa = PBXFileReference; fileEncoding = 4; lastKnownFileType = sourcecode.swift; path = MovieResponseDTO.swift; sourceTree = "<group>"; };
		8945B8A42BCD6B9600E51EBD /* ItemDetailsDTO.swift */ = {isa = PBXFileReference; fileEncoding = 4; lastKnownFileType = sourcecode.swift; path = ItemDetailsDTO.swift; sourceTree = "<group>"; };
		8945B8A52BCD6B9600E51EBD /* MoviesSearchResponseDTO.swift */ = {isa = PBXFileReference; fileEncoding = 4; lastKnownFileType = sourcecode.swift; path = MoviesSearchResponseDTO.swift; sourceTree = "<group>"; };
		8945B8AF2BCD6C3A00E51EBD /* Endpoint.swift */ = {isa = PBXFileReference; lastKnownFileType = sourcecode.swift; path = Endpoint.swift; sourceTree = "<group>"; };
		8945B8B22BCD6C4200E51EBD /* HTTPMethod.swift */ = {isa = PBXFileReference; lastKnownFileType = sourcecode.swift; path = HTTPMethod.swift; sourceTree = "<group>"; };
/* End PBXFileReference section */

/* Begin PBXFrameworksBuildPhase section */
		8945B8522BCD4F2600E51EBD /* Frameworks */ = {
			isa = PBXFrameworksBuildPhase;
			buildActionMask = 2147483647;
			files = (
				8945B8682BCD4F4900E51EBD /* ComposableArchitecture in Frameworks */,
			);
			runOnlyForDeploymentPostprocessing = 0;
		};
/* End PBXFrameworksBuildPhase section */

/* Begin PBXGroup section */
		8945B84C2BCD4F2600E51EBD = {
			isa = PBXGroup;
			children = (
				8945B8572BCD4F2600E51EBD /* ShutterflyTask */,
				8945B8562BCD4F2600E51EBD /* Products */,
			);
			sourceTree = "<group>";
		};
		8945B8562BCD4F2600E51EBD /* Products */ = {
			isa = PBXGroup;
			children = (
				8945B8552BCD4F2600E51EBD /* ShutterflyTask.app */,
			);
			name = Products;
			sourceTree = "<group>";
		};
		8945B8572BCD4F2600E51EBD /* ShutterflyTask */ = {
			isa = PBXGroup;
			children = (
				8945B89C2BCD6B4F00E51EBD /* Service */,
				8945B8972BCD676E00E51EBD /* Protocol */,
				8945B8852BCD66E400E51EBD /* Model */,
				8945B8692BCD53BF00E51EBD /* Application */,
				8945B8832BCD669400E51EBD /* UI */,
			);
			path = ShutterflyTask;
			sourceTree = "<group>";
		};
		8945B8692BCD53BF00E51EBD /* Application */ = {
			isa = PBXGroup;
			children = (
				8945B8582BCD4F2600E51EBD /* ShutterflyTaskApp.swift */,
				8945B86A2BCD53CB00E51EBD /* Resource */,
			);
			path = Application;
			sourceTree = "<group>";
		};
		8945B86A2BCD53CB00E51EBD /* Resource */ = {
			isa = PBXGroup;
			children = (
				8945B85C2BCD4F2800E51EBD /* Assets.xcassets */,
				8945B8812BCD658900E51EBD /* Localizable.strings */,
				8945B8742BCD564F00E51EBD /* Generated */,
			);
			path = Resource;
			sourceTree = "<group>";
		};
		8945B8742BCD564F00E51EBD /* Generated */ = {
			isa = PBXGroup;
			children = (
				8945B87B2BCD606600E51EBD /* Strings+Generated.swift */,
			);
			path = Generated;
			sourceTree = "<group>";
		};
		8945B8832BCD669400E51EBD /* UI */ = {
			isa = PBXGroup;
			children = (
				8945B8842BCD669800E51EBD /* User Stories */,
			);
			path = UI;
			sourceTree = "<group>";
		};
		8945B8842BCD669800E51EBD /* User Stories */ = {
			isa = PBXGroup;
			children = (
				8945B85A2BCD4F2600E51EBD /* ContentView.swift */,
			);
			path = "User Stories";
			sourceTree = "<group>";
		};
		8945B8852BCD66E400E51EBD /* Model */ = {
			isa = PBXGroup;
			children = (
				8945B88B2BCD672100E51EBD /* TVShow.swift */,
				8945B89A2BCD6A5200E51EBD /* Movie.swift */,
				8945B88D2BCD672B00E51EBD /* EntertainmentDetails.swift */,
				8945B88F2BCD672F00E51EBD /* Review.swift */,
				8945B8912BCD673500E51EBD /* CastMember.swift */,
				8945B8952BCD675400E51EBD /* Entertainment.swift */,
			);
			path = Model;
			sourceTree = "<group>";
		};
		8945B8972BCD676E00E51EBD /* Protocol */ = {
			isa = PBXGroup;
			children = (
				8945B8982BCD677300E51EBD /* EntertainmentContent.swift */,
			);
			path = Protocol;
			sourceTree = "<group>";
		};
		8945B89C2BCD6B4F00E51EBD /* Service */ = {
			isa = PBXGroup;
			children = (
				8945B89D2BCD6B5E00E51EBD /* Networking */,
			);
			path = Service;
			sourceTree = "<group>";
		};
		8945B89D2BCD6B5E00E51EBD /* Networking */ = {
			isa = PBXGroup;
			children = (
				8945B8AC2BCD6C1D00E51EBD /* Endpoint */,
				8945B89E2BCD6B6600E51EBD /* Model */,
			);
			path = Networking;
			sourceTree = "<group>";
		};
		8945B89E2BCD6B6600E51EBD /* Model */ = {
			isa = PBXGroup;
			children = (
				8945B89F2BCD6B6E00E51EBD /* Decodable */,
			);
			path = Model;
			sourceTree = "<group>";
		};
		8945B89F2BCD6B6E00E51EBD /* Decodable */ = {
			isa = PBXGroup;
			children = (
				8945B8A12BCD6B9600E51EBD /* ItemCastResponseDTO.swift */,
				8945B8A42BCD6B9600E51EBD /* ItemDetailsDTO.swift */,
				8945B8A32BCD6B9600E51EBD /* MovieResponseDTO.swift */,
				8945B8A02BCD6B9600E51EBD /* MovieReviewsResponseDTO.swift */,
				8945B8A52BCD6B9600E51EBD /* MoviesSearchResponseDTO.swift */,
				8945B8A22BCD6B9600E51EBD /* TVShowResponseDTO.swift */,
			);
			path = Decodable;
			sourceTree = "<group>";
		};
		8945B8AC2BCD6C1D00E51EBD /* Endpoint */ = {
			isa = PBXGroup;
			children = (
				8945B8B12BCD6C3D00E51EBD /* Configuration */,
			);
			path = Endpoint;
			sourceTree = "<group>";
		};
		8945B8B12BCD6C3D00E51EBD /* Configuration */ = {
			isa = PBXGroup;
			children = (
				8945B8AF2BCD6C3A00E51EBD /* Endpoint.swift */,
				8945B8B22BCD6C4200E51EBD /* HTTPMethod.swift */,
			);
			path = Configuration;
			sourceTree = "<group>";
		};
/* End PBXGroup section */

/* Begin PBXNativeTarget section */
		8945B8542BCD4F2600E51EBD /* ShutterflyTask */ = {
			isa = PBXNativeTarget;
			buildConfigurationList = 8945B8632BCD4F2800E51EBD /* Build configuration list for PBXNativeTarget "ShutterflyTask" */;
			buildPhases = (
				8945B8512BCD4F2600E51EBD /* Sources */,
				8945B8522BCD4F2600E51EBD /* Frameworks */,
				8945B8532BCD4F2600E51EBD /* Resources */,
			);
			buildRules = (
			);
			dependencies = (
			);
			name = ShutterflyTask;
			packageProductDependencies = (
				8945B8672BCD4F4900E51EBD /* ComposableArchitecture */,
			);
			productName = ShutterflyTask;
			productReference = 8945B8552BCD4F2600E51EBD /* ShutterflyTask.app */;
			productType = "com.apple.product-type.application";
		};
/* End PBXNativeTarget section */

/* Begin PBXProject section */
		8945B84D2BCD4F2600E51EBD /* Project object */ = {
			isa = PBXProject;
			attributes = {
				BuildIndependentTargetsInParallel = 1;
				LastSwiftUpdateCheck = 1530;
				LastUpgradeCheck = 1530;
				TargetAttributes = {
					8945B8542BCD4F2600E51EBD = {
						CreatedOnToolsVersion = 15.3;
					};
				};
			};
			buildConfigurationList = 8945B8502BCD4F2600E51EBD /* Build configuration list for PBXProject "ShutterflyTask" */;
			compatibilityVersion = "Xcode 14.0";
			developmentRegion = en;
			hasScannedForEncodings = 0;
			knownRegions = (
				en,
				Base,
			);
			mainGroup = 8945B84C2BCD4F2600E51EBD;
			packageReferences = (
				8945B8662BCD4F4900E51EBD /* XCRemoteSwiftPackageReference "swift-composable-architecture" */,
			);
			productRefGroup = 8945B8562BCD4F2600E51EBD /* Products */;
			projectDirPath = "";
			projectRoot = "";
			targets = (
				8945B8542BCD4F2600E51EBD /* ShutterflyTask */,
			);
		};
/* End PBXProject section */

/* Begin PBXResourcesBuildPhase section */
		8945B8532BCD4F2600E51EBD /* Resources */ = {
			isa = PBXResourcesBuildPhase;
			buildActionMask = 2147483647;
			files = (
				8945B8822BCD658900E51EBD /* Localizable.strings in Resources */,
				8945B85D2BCD4F2800E51EBD /* Assets.xcassets in Resources */,
			);
			runOnlyForDeploymentPostprocessing = 0;
		};
/* End PBXResourcesBuildPhase section */

/* Begin PBXSourcesBuildPhase section */
		8945B8512BCD4F2600E51EBD /* Sources */ = {
			isa = PBXSourcesBuildPhase;
			buildActionMask = 2147483647;
			files = (
				8945B8A72BCD6B9600E51EBD /* ItemCastResponseDTO.swift in Sources */,
				8945B8A92BCD6B9600E51EBD /* MovieResponseDTO.swift in Sources */,
				8945B8962BCD675400E51EBD /* Entertainment.swift in Sources */,
				8945B8A82BCD6B9600E51EBD /* TVShowResponseDTO.swift in Sources */,
				8945B85B2BCD4F2600E51EBD /* ContentView.swift in Sources */,
				8945B8592BCD4F2600E51EBD /* ShutterflyTaskApp.swift in Sources */,
				8945B8902BCD672F00E51EBD /* Review.swift in Sources */,
				8945B8AB2BCD6B9600E51EBD /* MoviesSearchResponseDTO.swift in Sources */,
				8945B88E2BCD672B00E51EBD /* EntertainmentDetails.swift in Sources */,
				8945B8A62BCD6B9600E51EBD /* MovieReviewsResponseDTO.swift in Sources */,
				8945B88C2BCD672100E51EBD /* TVShow.swift in Sources */,
				8945B8922BCD673500E51EBD /* CastMember.swift in Sources */,
				8945B87C2BCD606600E51EBD /* Strings+Generated.swift in Sources */,
				8945B8AA2BCD6B9600E51EBD /* ItemDetailsDTO.swift in Sources */,
				8945B8B32BCD6C4300E51EBD /* HTTPMethod.swift in Sources */,
				8945B89B2BCD6A5200E51EBD /* Movie.swift in Sources */,
				8945B8B02BCD6C3A00E51EBD /* Endpoint.swift in Sources */,
				8945B8992BCD677300E51EBD /* EntertainmentContent.swift in Sources */,
			);
			runOnlyForDeploymentPostprocessing = 0;
		};
/* End PBXSourcesBuildPhase section */

/* Begin XCBuildConfiguration section */
		8945B8612BCD4F2800E51EBD /* Debug */ = {
			isa = XCBuildConfiguration;
			buildSettings = {
				ALWAYS_SEARCH_USER_PATHS = NO;
				ASSETCATALOG_COMPILER_GENERATE_SWIFT_ASSET_SYMBOL_EXTENSIONS = YES;
				CLANG_ANALYZER_NONNULL = YES;
				CLANG_ANALYZER_NUMBER_OBJECT_CONVERSION = YES_AGGRESSIVE;
				CLANG_CXX_LANGUAGE_STANDARD = "gnu++20";
				CLANG_ENABLE_MODULES = YES;
				CLANG_ENABLE_OBJC_ARC = YES;
				CLANG_ENABLE_OBJC_WEAK = YES;
				CLANG_WARN_BLOCK_CAPTURE_AUTORELEASING = YES;
				CLANG_WARN_BOOL_CONVERSION = YES;
				CLANG_WARN_COMMA = YES;
				CLANG_WARN_CONSTANT_CONVERSION = YES;
				CLANG_WARN_DEPRECATED_OBJC_IMPLEMENTATIONS = YES;
				CLANG_WARN_DIRECT_OBJC_ISA_USAGE = YES_ERROR;
				CLANG_WARN_DOCUMENTATION_COMMENTS = YES;
				CLANG_WARN_EMPTY_BODY = YES;
				CLANG_WARN_ENUM_CONVERSION = YES;
				CLANG_WARN_INFINITE_RECURSION = YES;
				CLANG_WARN_INT_CONVERSION = YES;
				CLANG_WARN_NON_LITERAL_NULL_CONVERSION = YES;
				CLANG_WARN_OBJC_IMPLICIT_RETAIN_SELF = YES;
				CLANG_WARN_OBJC_LITERAL_CONVERSION = YES;
				CLANG_WARN_OBJC_ROOT_CLASS = YES_ERROR;
				CLANG_WARN_QUOTED_INCLUDE_IN_FRAMEWORK_HEADER = YES;
				CLANG_WARN_RANGE_LOOP_ANALYSIS = YES;
				CLANG_WARN_STRICT_PROTOTYPES = YES;
				CLANG_WARN_SUSPICIOUS_MOVE = YES;
				CLANG_WARN_UNGUARDED_AVAILABILITY = YES_AGGRESSIVE;
				CLANG_WARN_UNREACHABLE_CODE = YES;
				CLANG_WARN__DUPLICATE_METHOD_MATCH = YES;
				COPY_PHASE_STRIP = NO;
				DEBUG_INFORMATION_FORMAT = dwarf;
				ENABLE_STRICT_OBJC_MSGSEND = YES;
				ENABLE_TESTABILITY = YES;
				ENABLE_USER_SCRIPT_SANDBOXING = YES;
				GCC_C_LANGUAGE_STANDARD = gnu17;
				GCC_DYNAMIC_NO_PIC = NO;
				GCC_NO_COMMON_BLOCKS = YES;
				GCC_OPTIMIZATION_LEVEL = 0;
				GCC_PREPROCESSOR_DEFINITIONS = (
					"DEBUG=1",
					"$(inherited)",
				);
				GCC_WARN_64_TO_32_BIT_CONVERSION = YES;
				GCC_WARN_ABOUT_RETURN_TYPE = YES_ERROR;
				GCC_WARN_UNDECLARED_SELECTOR = YES;
				GCC_WARN_UNINITIALIZED_AUTOS = YES_AGGRESSIVE;
				GCC_WARN_UNUSED_FUNCTION = YES;
				GCC_WARN_UNUSED_VARIABLE = YES;
				IPHONEOS_DEPLOYMENT_TARGET = 17.4;
				LOCALIZATION_PREFERS_STRING_CATALOGS = YES;
				MTL_ENABLE_DEBUG_INFO = INCLUDE_SOURCE;
				MTL_FAST_MATH = YES;
				ONLY_ACTIVE_ARCH = YES;
				SDKROOT = iphoneos;
				SWIFT_ACTIVE_COMPILATION_CONDITIONS = "DEBUG $(inherited)";
				SWIFT_OPTIMIZATION_LEVEL = "-Onone";
			};
			name = Debug;
		};
		8945B8622BCD4F2800E51EBD /* Release */ = {
			isa = XCBuildConfiguration;
			buildSettings = {
				ALWAYS_SEARCH_USER_PATHS = NO;
				ASSETCATALOG_COMPILER_GENERATE_SWIFT_ASSET_SYMBOL_EXTENSIONS = YES;
				CLANG_ANALYZER_NONNULL = YES;
				CLANG_ANALYZER_NUMBER_OBJECT_CONVERSION = YES_AGGRESSIVE;
				CLANG_CXX_LANGUAGE_STANDARD = "gnu++20";
				CLANG_ENABLE_MODULES = YES;
				CLANG_ENABLE_OBJC_ARC = YES;
				CLANG_ENABLE_OBJC_WEAK = YES;
				CLANG_WARN_BLOCK_CAPTURE_AUTORELEASING = YES;
				CLANG_WARN_BOOL_CONVERSION = YES;
				CLANG_WARN_COMMA = YES;
				CLANG_WARN_CONSTANT_CONVERSION = YES;
				CLANG_WARN_DEPRECATED_OBJC_IMPLEMENTATIONS = YES;
				CLANG_WARN_DIRECT_OBJC_ISA_USAGE = YES_ERROR;
				CLANG_WARN_DOCUMENTATION_COMMENTS = YES;
				CLANG_WARN_EMPTY_BODY = YES;
				CLANG_WARN_ENUM_CONVERSION = YES;
				CLANG_WARN_INFINITE_RECURSION = YES;
				CLANG_WARN_INT_CONVERSION = YES;
				CLANG_WARN_NON_LITERAL_NULL_CONVERSION = YES;
				CLANG_WARN_OBJC_IMPLICIT_RETAIN_SELF = YES;
				CLANG_WARN_OBJC_LITERAL_CONVERSION = YES;
				CLANG_WARN_OBJC_ROOT_CLASS = YES_ERROR;
				CLANG_WARN_QUOTED_INCLUDE_IN_FRAMEWORK_HEADER = YES;
				CLANG_WARN_RANGE_LOOP_ANALYSIS = YES;
				CLANG_WARN_STRICT_PROTOTYPES = YES;
				CLANG_WARN_SUSPICIOUS_MOVE = YES;
				CLANG_WARN_UNGUARDED_AVAILABILITY = YES_AGGRESSIVE;
				CLANG_WARN_UNREACHABLE_CODE = YES;
				CLANG_WARN__DUPLICATE_METHOD_MATCH = YES;
				COPY_PHASE_STRIP = NO;
				DEBUG_INFORMATION_FORMAT = "dwarf-with-dsym";
				ENABLE_NS_ASSERTIONS = NO;
				ENABLE_STRICT_OBJC_MSGSEND = YES;
				ENABLE_USER_SCRIPT_SANDBOXING = YES;
				GCC_C_LANGUAGE_STANDARD = gnu17;
				GCC_NO_COMMON_BLOCKS = YES;
				GCC_WARN_64_TO_32_BIT_CONVERSION = YES;
				GCC_WARN_ABOUT_RETURN_TYPE = YES_ERROR;
				GCC_WARN_UNDECLARED_SELECTOR = YES;
				GCC_WARN_UNINITIALIZED_AUTOS = YES_AGGRESSIVE;
				GCC_WARN_UNUSED_FUNCTION = YES;
				GCC_WARN_UNUSED_VARIABLE = YES;
				IPHONEOS_DEPLOYMENT_TARGET = 17.4;
				LOCALIZATION_PREFERS_STRING_CATALOGS = YES;
				MTL_ENABLE_DEBUG_INFO = NO;
				MTL_FAST_MATH = YES;
				SDKROOT = iphoneos;
				SWIFT_COMPILATION_MODE = wholemodule;
				VALIDATE_PRODUCT = YES;
			};
			name = Release;
		};
		8945B8642BCD4F2800E51EBD /* Debug */ = {
			isa = XCBuildConfiguration;
			buildSettings = {
				ASSETCATALOG_COMPILER_APPICON_NAME = AppIcon;
				ASSETCATALOG_COMPILER_GLOBAL_ACCENT_COLOR_NAME = AccentColor;
				CODE_SIGN_STYLE = Automatic;
				CURRENT_PROJECT_VERSION = 1;
				DEVELOPMENT_TEAM = 3G8VQ3U9D3;
				ENABLE_PREVIEWS = YES;
				GENERATE_INFOPLIST_FILE = YES;
				INFOPLIST_KEY_UIApplicationSceneManifest_Generation = YES;
				INFOPLIST_KEY_UIApplicationSupportsIndirectInputEvents = YES;
				INFOPLIST_KEY_UILaunchScreen_Generation = YES;
				INFOPLIST_KEY_UISupportedInterfaceOrientations_iPad = "UIInterfaceOrientationPortrait UIInterfaceOrientationPortraitUpsideDown UIInterfaceOrientationLandscapeLeft UIInterfaceOrientationLandscapeRight";
				INFOPLIST_KEY_UISupportedInterfaceOrientations_iPhone = "UIInterfaceOrientationPortrait UIInterfaceOrientationLandscapeLeft UIInterfaceOrientationLandscapeRight";
				LD_RUNPATH_SEARCH_PATHS = (
					"$(inherited)",
					"@executable_path/Frameworks",
				);
				MARKETING_VERSION = 1.0;
				PRODUCT_BUNDLE_IDENTIFIER = com.teodor.ShutterflyTask;
				PRODUCT_NAME = "$(TARGET_NAME)";
				SWIFT_EMIT_LOC_STRINGS = YES;
				SWIFT_VERSION = 5.0;
				TARGETED_DEVICE_FAMILY = "1,2";
			};
			name = Debug;
		};
		8945B8652BCD4F2800E51EBD /* Release */ = {
			isa = XCBuildConfiguration;
			buildSettings = {
				ASSETCATALOG_COMPILER_APPICON_NAME = AppIcon;
				ASSETCATALOG_COMPILER_GLOBAL_ACCENT_COLOR_NAME = AccentColor;
				CODE_SIGN_STYLE = Automatic;
				CURRENT_PROJECT_VERSION = 1;
				DEVELOPMENT_TEAM = 3G8VQ3U9D3;
				ENABLE_PREVIEWS = YES;
				GENERATE_INFOPLIST_FILE = YES;
				INFOPLIST_KEY_UIApplicationSceneManifest_Generation = YES;
				INFOPLIST_KEY_UIApplicationSupportsIndirectInputEvents = YES;
				INFOPLIST_KEY_UILaunchScreen_Generation = YES;
				INFOPLIST_KEY_UISupportedInterfaceOrientations_iPad = "UIInterfaceOrientationPortrait UIInterfaceOrientationPortraitUpsideDown UIInterfaceOrientationLandscapeLeft UIInterfaceOrientationLandscapeRight";
				INFOPLIST_KEY_UISupportedInterfaceOrientations_iPhone = "UIInterfaceOrientationPortrait UIInterfaceOrientationLandscapeLeft UIInterfaceOrientationLandscapeRight";
				LD_RUNPATH_SEARCH_PATHS = (
					"$(inherited)",
					"@executable_path/Frameworks",
				);
				MARKETING_VERSION = 1.0;
				PRODUCT_BUNDLE_IDENTIFIER = com.teodor.ShutterflyTask;
				PRODUCT_NAME = "$(TARGET_NAME)";
				SWIFT_EMIT_LOC_STRINGS = YES;
				SWIFT_VERSION = 5.0;
				TARGETED_DEVICE_FAMILY = "1,2";
			};
			name = Release;
		};
/* End XCBuildConfiguration section */

/* Begin XCConfigurationList section */
		8945B8502BCD4F2600E51EBD /* Build configuration list for PBXProject "ShutterflyTask" */ = {
			isa = XCConfigurationList;
			buildConfigurations = (
				8945B8612BCD4F2800E51EBD /* Debug */,
				8945B8622BCD4F2800E51EBD /* Release */,
			);
			defaultConfigurationIsVisible = 0;
			defaultConfigurationName = Release;
		};
		8945B8632BCD4F2800E51EBD /* Build configuration list for PBXNativeTarget "ShutterflyTask" */ = {
			isa = XCConfigurationList;
			buildConfigurations = (
				8945B8642BCD4F2800E51EBD /* Debug */,
				8945B8652BCD4F2800E51EBD /* Release */,
			);
			defaultConfigurationIsVisible = 0;
			defaultConfigurationName = Release;
		};
/* End XCConfigurationList section */

/* Begin XCRemoteSwiftPackageReference section */
		8945B8662BCD4F4900E51EBD /* XCRemoteSwiftPackageReference "swift-composable-architecture" */ = {
			isa = XCRemoteSwiftPackageReference;
			repositoryURL = "https://github.com/pointfreeco/swift-composable-architecture";
			requirement = {
				kind = upToNextMajorVersion;
				minimumVersion = 1.9.2;
			};
		};
/* End XCRemoteSwiftPackageReference section */

/* Begin XCSwiftPackageProductDependency section */
		8945B8672BCD4F4900E51EBD /* ComposableArchitecture */ = {
			isa = XCSwiftPackageProductDependency;
			package = 8945B8662BCD4F4900E51EBD /* XCRemoteSwiftPackageReference "swift-composable-architecture" */;
			productName = ComposableArchitecture;
		};
/* End XCSwiftPackageProductDependency section */
	};
	rootObject = 8945B84D2BCD4F2600E51EBD /* Project object */;
}
